// !$*UTF8*$!
{
	archiveVersion = 1;
	classes = {
	};
	objectVersion = 51;
	objects = {

/* Begin PBXBuildFile section */
		274B31052683632000E59317 /* AIRBDRoomListViewController.m in Sources */ = {isa = PBXBuildFile; fileRef = 274B30F12683631E00E59317 /* AIRBDRoomListViewController.m */; };
		274B31062683632000E59317 /* AIRBDAnchorViewController.m in Sources */ = {isa = PBXBuildFile; fileRef = 274B30F42683631F00E59317 /* AIRBDAnchorViewController.m */; };
		274B31072683632000E59317 /* AIRBDLoginViewController.m in Sources */ = {isa = PBXBuildFile; fileRef = 274B30F52683631F00E59317 /* AIRBDLoginViewController.m */; };
		274B310A2683632000E59317 /* AIRBDAudienceViewController.m in Sources */ = {isa = PBXBuildFile; fileRef = 274B30F82683631F00E59317 /* AIRBDAudienceViewController.m */; };
		274B310B2683632000E59317 /* AIRBDSetRoomViewController.m in Sources */ = {isa = PBXBuildFile; fileRef = 274B30FA2683631F00E59317 /* AIRBDSetRoomViewController.m */; };
		274B310C2683632000E59317 /* AIRBDRoomListCell.m in Sources */ = {isa = PBXBuildFile; fileRef = 274B30FD2683632000E59317 /* AIRBDRoomListCell.m */; };
		274B310E2683632000E59317 /* AIRBDRoomInfoModel.m in Sources */ = {isa = PBXBuildFile; fileRef = 274B31012683632000E59317 /* AIRBDRoomInfoModel.m */; };
		274B31152683633700E59317 /* AIRBDCommentView.m in Sources */ = {isa = PBXBuildFile; fileRef = 274B31112683633700E59317 /* AIRBDCommentView.m */; };
		274B31162683633700E59317 /* AIRBDCommentCell.m in Sources */ = {isa = PBXBuildFile; fileRef = 274B31122683633700E59317 /* AIRBDCommentCell.m */; };
		274B31172683633800E59317 /* AIRBDCommentModel.m in Sources */ = {isa = PBXBuildFile; fileRef = 274B31142683633700E59317 /* AIRBDCommentModel.m */; };
		274B314026896A5800E59317 /* AIRBDMorePanelView.m in Sources */ = {isa = PBXBuildFile; fileRef = 274B313F26896A5800E59317 /* AIRBDMorePanelView.m */; };
		274B31432689734800E59317 /* UIColor+HexColor.m in Sources */ = {isa = PBXBuildFile; fileRef = 274B31422689734800E59317 /* UIColor+HexColor.m */; };
		275B777D267878CA00825192 /* AIRBDMultiRTCView.m in Sources */ = {isa = PBXBuildFile; fileRef = 275B777C267878CA00825192 /* AIRBDMultiRTCView.m */; };
		275C14102679A8A400FD064B /* AIRBDRTCView.m in Sources */ = {isa = PBXBuildFile; fileRef = 275C140F2679A8A400FD064B /* AIRBDRTCView.m */; };
		276DE1CB266DB7100050A689 /* AIRBDItemsView.m in Sources */ = {isa = PBXBuildFile; fileRef = 276DE1CA266DB7100050A689 /* AIRBDItemsView.m */; };
		276DE1CE266DCD310050A689 /* AIRBDItemsViewCell.m in Sources */ = {isa = PBXBuildFile; fileRef = 276DE1CD266DCD310050A689 /* AIRBDItemsViewCell.m */; };
		27A58A88268C1C0A0091DB44 /* AIRBDetailsButton.m in Sources */ = {isa = PBXBuildFile; fileRef = 27A58A87268C1C0A0091DB44 /* AIRBDetailsButton.m */; };
		27B99B7B266A2AD700D68363 /* (null) in Embed Frameworks */ = {isa = PBXBuildFile; settings = {ATTRIBUTES = (CodeSignOnCopy, RemoveHeadersOnCopy, ); }; };
		27F76E69267359B700743386 /* AIRBDSystemInfoLabel.m in Sources */ = {isa = PBXBuildFile; fileRef = 27F76E68267359B700743386 /* AIRBDSystemInfoLabel.m */; };
		9652EF7D96641EB935AE3BF4 /* libPods-AliInteractiveRoomDemo.a in Frameworks */ = {isa = PBXBuildFile; fileRef = 131B8C73A5A984EFAFED6A15 /* libPods-AliInteractiveRoomDemo.a */; };
		ED006C9327352BD5002A2F63 /* AIRBDShopWindowViewController.m in Sources */ = {isa = PBXBuildFile; fileRef = ED006C8B27352BD5002A2F63 /* AIRBDShopWindowViewController.m */; };
		ED006C9427352BD5002A2F63 /* AIRBDLiveRoomViewController.m in Sources */ = {isa = PBXBuildFile; fileRef = ED006C8C27352BD5002A2F63 /* AIRBDLiveRoomViewController.m */; };
		ED006C9527352BD5002A2F63 /* AIRBDShareViewController.m in Sources */ = {isa = PBXBuildFile; fileRef = ED006C8F27352BD5002A2F63 /* AIRBDShareViewController.m */; };
		ED006C9627352BD5002A2F63 /* AIRBDAbilityDemonstrationViewController.m in Sources */ = {isa = PBXBuildFile; fileRef = ED006C9027352BD5002A2F63 /* AIRBDAbilityDemonstrationViewController.m */; };
		ED006CB72735393F002A2F63 /* AIRBDBigClassViewController.m in Sources */ = {isa = PBXBuildFile; fileRef = ED006CAB2735393F002A2F63 /* AIRBDBigClassViewController.m */; };
		ED006CB82735393F002A2F63 /* AIRBDStudentViewController.m in Sources */ = {isa = PBXBuildFile; fileRef = ED006CAE2735393F002A2F63 /* AIRBDStudentViewController.m */; };
		ED006CB92735393F002A2F63 /* AIRBDTeacherViewController.m in Sources */ = {isa = PBXBuildFile; fileRef = ED006CB02735393F002A2F63 /* AIRBDTeacherViewController.m */; };
		ED006CBA2735393F002A2F63 /* AIRBDStudentListCell.m in Sources */ = {isa = PBXBuildFile; fileRef = ED006CB22735393F002A2F63 /* AIRBDStudentListCell.m */; };
		ED006CBB2735393F002A2F63 /* AIRBDStudentView.m in Sources */ = {isa = PBXBuildFile; fileRef = ED006CB32735393F002A2F63 /* AIRBDStudentView.m */; };
		ED006CBC2735393F002A2F63 /* AIRBDTeacherView.m in Sources */ = {isa = PBXBuildFile; fileRef = ED006CB42735393F002A2F63 /* AIRBDTeacherView.m */; };
		ED006CBD2735393F002A2F63 /* AIRBDStudentListItemModel.m in Sources */ = {isa = PBXBuildFile; fileRef = ED006CB62735393F002A2F63 /* AIRBDStudentListItemModel.m */; };
		ED30BF86271FBB7600E3A2E6 /* UIViewController+Extension.m in Sources */ = {isa = PBXBuildFile; fileRef = ED30BF85271FBB7600E3A2E6 /* UIViewController+Extension.m */; };
		EDCFB0BD268C8BBE00205E2D /* libresolv.tbd in Frameworks */ = {isa = PBXBuildFile; fileRef = EDCFB0BB268C8BAA00205E2D /* libresolv.tbd */; };
		EDCFB0C4268C998600205E2D /* AIRBDEnvironments.m in Sources */ = {isa = PBXBuildFile; fileRef = EDCFB0C3268C998600205E2D /* AIRBDEnvironments.m */; };
		EDD116462653B66600B69881 /* AppDelegate.m in Sources */ = {isa = PBXBuildFile; fileRef = EDD116452653B66600B69881 /* AppDelegate.m */; };
		EDD116492653B66600B69881 /* SceneDelegate.m in Sources */ = {isa = PBXBuildFile; fileRef = EDD116482653B66600B69881 /* SceneDelegate.m */; };
		EDD1164C2653B66600B69881 /* ViewController.m in Sources */ = {isa = PBXBuildFile; fileRef = EDD1164B2653B66600B69881 /* ViewController.m */; };
		EDD1164F2653B66600B69881 /* Main.storyboard in Resources */ = {isa = PBXBuildFile; fileRef = EDD1164D2653B66600B69881 /* Main.storyboard */; };
		EDD116512653B66700B69881 /* Assets.xcassets in Resources */ = {isa = PBXBuildFile; fileRef = EDD116502653B66700B69881 /* Assets.xcassets */; };
		EDD116542653B66700B69881 /* LaunchScreen.storyboard in Resources */ = {isa = PBXBuildFile; fileRef = EDD116522653B66700B69881 /* LaunchScreen.storyboard */; };
		EDD116572653B66700B69881 /* main.m in Sources */ = {isa = PBXBuildFile; fileRef = EDD116562653B66700B69881 /* main.m */; };
		EDD116CF2653B92100B69881 /* AIRBDToast.m in Sources */ = {isa = PBXBuildFile; fileRef = EDD116CE2653B92100B69881 /* AIRBDToast.m */; };
		EDD117942653BBB600B69881 /* HMACSHA1.m in Sources */ = {isa = PBXBuildFile; fileRef = EDD1177D2653BBB500B69881 /* HMACSHA1.m */; };
		EDD117952653BBB600B69881 /* Utility.m in Sources */ = {isa = PBXBuildFile; fileRef = EDD1177E2653BBB500B69881 /* Utility.m */; };
/* End PBXBuildFile section */

/* Begin PBXCopyFilesBuildPhase section */
		ED80E9AF265E2B75001179C9 /* Embed Frameworks */ = {
			isa = PBXCopyFilesBuildPhase;
			buildActionMask = 2147483647;
			dstPath = "";
			dstSubfolderSpec = 10;
			files = (
				27B99B7B266A2AD700D68363 /* (null) in Embed Frameworks */,
			);
			name = "Embed Frameworks";
			runOnlyForDeploymentPostprocessing = 0;
		};
/* End PBXCopyFilesBuildPhase section */

/* Begin PBXFileReference section */
		131B8C73A5A984EFAFED6A15 /* libPods-AliInteractiveRoomDemo.a */ = {isa = PBXFileReference; explicitFileType = archive.ar; includeInIndex = 0; path = "libPods-AliInteractiveRoomDemo.a"; sourceTree = BUILT_PRODUCTS_DIR; };
		274B30F12683631E00E59317 /* AIRBDRoomListViewController.m */ = {isa = PBXFileReference; fileEncoding = 4; lastKnownFileType = sourcecode.c.objc; path = AIRBDRoomListViewController.m; sourceTree = "<group>"; };
		274B30F22683631F00E59317 /* AIRBDLoginViewController.h */ = {isa = PBXFileReference; fileEncoding = 4; lastKnownFileType = sourcecode.c.h; path = AIRBDLoginViewController.h; sourceTree = "<group>"; };
		274B30F32683631F00E59317 /* AIRBDSetRoomViewController.h */ = {isa = PBXFileReference; fileEncoding = 4; lastKnownFileType = sourcecode.c.h; path = AIRBDSetRoomViewController.h; sourceTree = "<group>"; };
		274B30F42683631F00E59317 /* AIRBDAnchorViewController.m */ = {isa = PBXFileReference; fileEncoding = 4; lastKnownFileType = sourcecode.c.objc; path = AIRBDAnchorViewController.m; sourceTree = "<group>"; };
		274B30F52683631F00E59317 /* AIRBDLoginViewController.m */ = {isa = PBXFileReference; fileEncoding = 4; lastKnownFileType = sourcecode.c.objc; path = AIRBDLoginViewController.m; sourceTree = "<group>"; };
		274B30F82683631F00E59317 /* AIRBDAudienceViewController.m */ = {isa = PBXFileReference; fileEncoding = 4; lastKnownFileType = sourcecode.c.objc; path = AIRBDAudienceViewController.m; sourceTree = "<group>"; };
		274B30F92683631F00E59317 /* AIRBDAudienceViewController.h */ = {isa = PBXFileReference; fileEncoding = 4; lastKnownFileType = sourcecode.c.h; path = AIRBDAudienceViewController.h; sourceTree = "<group>"; };
		274B30FA2683631F00E59317 /* AIRBDSetRoomViewController.m */ = {isa = PBXFileReference; fileEncoding = 4; lastKnownFileType = sourcecode.c.objc; path = AIRBDSetRoomViewController.m; sourceTree = "<group>"; };
		274B30FB2683631F00E59317 /* AIRBDRoomInfoModel.h */ = {isa = PBXFileReference; fileEncoding = 4; lastKnownFileType = sourcecode.c.h; path = AIRBDRoomInfoModel.h; sourceTree = "<group>"; };
		274B30FD2683632000E59317 /* AIRBDRoomListCell.m */ = {isa = PBXFileReference; fileEncoding = 4; lastKnownFileType = sourcecode.c.objc; path = AIRBDRoomListCell.m; sourceTree = "<group>"; };
		274B30FE2683632000E59317 /* AIRBDRoomListCell.h */ = {isa = PBXFileReference; fileEncoding = 4; lastKnownFileType = sourcecode.c.h; path = AIRBDRoomListCell.h; sourceTree = "<group>"; };
		274B30FF2683632000E59317 /* AIRBDRoomListViewController.h */ = {isa = PBXFileReference; fileEncoding = 4; lastKnownFileType = sourcecode.c.h; path = AIRBDRoomListViewController.h; sourceTree = "<group>"; };
		274B31012683632000E59317 /* AIRBDRoomInfoModel.m */ = {isa = PBXFileReference; fileEncoding = 4; lastKnownFileType = sourcecode.c.objc; path = AIRBDRoomInfoModel.m; sourceTree = "<group>"; };
		274B31042683632000E59317 /* AIRBDAnchorViewController.h */ = {isa = PBXFileReference; fileEncoding = 4; lastKnownFileType = sourcecode.c.h; path = AIRBDAnchorViewController.h; sourceTree = "<group>"; };
		274B310F2683633700E59317 /* AIRBDCommentView.h */ = {isa = PBXFileReference; fileEncoding = 4; lastKnownFileType = sourcecode.c.h; path = AIRBDCommentView.h; sourceTree = "<group>"; };
		274B31102683633700E59317 /* AIRBDCommentModel.h */ = {isa = PBXFileReference; fileEncoding = 4; lastKnownFileType = sourcecode.c.h; path = AIRBDCommentModel.h; sourceTree = "<group>"; };
		274B31112683633700E59317 /* AIRBDCommentView.m */ = {isa = PBXFileReference; fileEncoding = 4; lastKnownFileType = sourcecode.c.objc; path = AIRBDCommentView.m; sourceTree = "<group>"; };
		274B31122683633700E59317 /* AIRBDCommentCell.m */ = {isa = PBXFileReference; fileEncoding = 4; lastKnownFileType = sourcecode.c.objc; path = AIRBDCommentCell.m; sourceTree = "<group>"; };
		274B31132683633700E59317 /* AIRBDCommentCell.h */ = {isa = PBXFileReference; fileEncoding = 4; lastKnownFileType = sourcecode.c.h; path = AIRBDCommentCell.h; sourceTree = "<group>"; };
		274B31142683633700E59317 /* AIRBDCommentModel.m */ = {isa = PBXFileReference; fileEncoding = 4; lastKnownFileType = sourcecode.c.objc; path = AIRBDCommentModel.m; sourceTree = "<group>"; };
		274B313E26896A5800E59317 /* AIRBDMorePanelView.h */ = {isa = PBXFileReference; lastKnownFileType = sourcecode.c.h; path = AIRBDMorePanelView.h; sourceTree = "<group>"; };
		274B313F26896A5800E59317 /* AIRBDMorePanelView.m */ = {isa = PBXFileReference; lastKnownFileType = sourcecode.c.objc; path = AIRBDMorePanelView.m; sourceTree = "<group>"; };
		274B31412689734800E59317 /* UIColor+HexColor.h */ = {isa = PBXFileReference; lastKnownFileType = sourcecode.c.h; path = "UIColor+HexColor.h"; sourceTree = "<group>"; };
		274B31422689734800E59317 /* UIColor+HexColor.m */ = {isa = PBXFileReference; lastKnownFileType = sourcecode.c.objc; path = "UIColor+HexColor.m"; sourceTree = "<group>"; };
		275B777B267878CA00825192 /* AIRBDMultiRTCView.h */ = {isa = PBXFileReference; fileEncoding = 4; lastKnownFileType = sourcecode.c.h; path = AIRBDMultiRTCView.h; sourceTree = "<group>"; };
		275B777C267878CA00825192 /* AIRBDMultiRTCView.m */ = {isa = PBXFileReference; fileEncoding = 4; lastKnownFileType = sourcecode.c.objc; path = AIRBDMultiRTCView.m; sourceTree = "<group>"; };
		275C140E2679A8A400FD064B /* AIRBDRTCView.h */ = {isa = PBXFileReference; lastKnownFileType = sourcecode.c.h; path = AIRBDRTCView.h; sourceTree = "<group>"; };
		275C140F2679A8A400FD064B /* AIRBDRTCView.m */ = {isa = PBXFileReference; lastKnownFileType = sourcecode.c.objc; path = AIRBDRTCView.m; sourceTree = "<group>"; };
		276DE1C9266DB7100050A689 /* AIRBDItemsView.h */ = {isa = PBXFileReference; lastKnownFileType = sourcecode.c.h; path = AIRBDItemsView.h; sourceTree = "<group>"; };
		276DE1CA266DB7100050A689 /* AIRBDItemsView.m */ = {isa = PBXFileReference; lastKnownFileType = sourcecode.c.objc; path = AIRBDItemsView.m; sourceTree = "<group>"; };
		276DE1CC266DCD310050A689 /* AIRBDItemsViewCell.h */ = {isa = PBXFileReference; lastKnownFileType = sourcecode.c.h; path = AIRBDItemsViewCell.h; sourceTree = "<group>"; };
		276DE1CD266DCD310050A689 /* AIRBDItemsViewCell.m */ = {isa = PBXFileReference; lastKnownFileType = sourcecode.c.objc; path = AIRBDItemsViewCell.m; sourceTree = "<group>"; };
		27725C9E266F47360023E741 /* AIRBDMemberModel.h */ = {isa = PBXFileReference; lastKnownFileType = sourcecode.c.h; path = AIRBDMemberModel.h; sourceTree = "<group>"; };
		27725C9F266F47360023E741 /* AIRBDMemberModel.m */ = {isa = PBXFileReference; lastKnownFileType = sourcecode.c.objc; path = AIRBDMemberModel.m; sourceTree = "<group>"; };
		27A58A87268C1C0A0091DB44 /* AIRBDetailsButton.m */ = {isa = PBXFileReference; lastKnownFileType = sourcecode.c.objc; path = AIRBDetailsButton.m; sourceTree = "<group>"; };
		27A58A9F268C4DA20091DB44 /* AIRBDetailsButton.h */ = {isa = PBXFileReference; fileEncoding = 4; lastKnownFileType = sourcecode.c.h; path = AIRBDetailsButton.h; sourceTree = "<group>"; };
		27F76E67267359B700743386 /* AIRBDSystemInfoLabel.h */ = {isa = PBXFileReference; lastKnownFileType = sourcecode.c.h; path = AIRBDSystemInfoLabel.h; sourceTree = "<group>"; };
		27F76E68267359B700743386 /* AIRBDSystemInfoLabel.m */ = {isa = PBXFileReference; lastKnownFileType = sourcecode.c.objc; path = AIRBDSystemInfoLabel.m; sourceTree = "<group>"; };
		5F87BCE39EF8827BE3F38BF8 /* Pods-AliInteractiveRoomDemo.debug.xcconfig */ = {isa = PBXFileReference; includeInIndex = 1; lastKnownFileType = text.xcconfig; name = "Pods-AliInteractiveRoomDemo.debug.xcconfig"; path = "Target Support Files/Pods-AliInteractiveRoomDemo/Pods-AliInteractiveRoomDemo.debug.xcconfig"; sourceTree = "<group>"; };
		B81929F7DDFB649DAA828664 /* Pods-AliInteractiveRoomDemo.release.xcconfig */ = {isa = PBXFileReference; includeInIndex = 1; lastKnownFileType = text.xcconfig; name = "Pods-AliInteractiveRoomDemo.release.xcconfig"; path = "Target Support Files/Pods-AliInteractiveRoomDemo/Pods-AliInteractiveRoomDemo.release.xcconfig"; sourceTree = "<group>"; };
		ED006C8B27352BD5002A2F63 /* AIRBDShopWindowViewController.m */ = {isa = PBXFileReference; fileEncoding = 4; lastKnownFileType = sourcecode.c.objc; path = AIRBDShopWindowViewController.m; sourceTree = "<group>"; };
		ED006C8C27352BD5002A2F63 /* AIRBDLiveRoomViewController.m */ = {isa = PBXFileReference; fileEncoding = 4; lastKnownFileType = sourcecode.c.objc; path = AIRBDLiveRoomViewController.m; sourceTree = "<group>"; };
		ED006C8D27352BD5002A2F63 /* AIRBDLiveRoomViewController.h */ = {isa = PBXFileReference; fileEncoding = 4; lastKnownFileType = sourcecode.c.h; path = AIRBDLiveRoomViewController.h; sourceTree = "<group>"; };
		ED006C8E27352BD5002A2F63 /* AIRBDShareViewController.h */ = {isa = PBXFileReference; fileEncoding = 4; lastKnownFileType = sourcecode.c.h; path = AIRBDShareViewController.h; sourceTree = "<group>"; };
		ED006C8F27352BD5002A2F63 /* AIRBDShareViewController.m */ = {isa = PBXFileReference; fileEncoding = 4; lastKnownFileType = sourcecode.c.objc; path = AIRBDShareViewController.m; sourceTree = "<group>"; };
		ED006C9027352BD5002A2F63 /* AIRBDAbilityDemonstrationViewController.m */ = {isa = PBXFileReference; fileEncoding = 4; lastKnownFileType = sourcecode.c.objc; path = AIRBDAbilityDemonstrationViewController.m; sourceTree = "<group>"; };
		ED006C9127352BD5002A2F63 /* AIRBDAbilityDemonstrationViewController.h */ = {isa = PBXFileReference; fileEncoding = 4; lastKnownFileType = sourcecode.c.h; path = AIRBDAbilityDemonstrationViewController.h; sourceTree = "<group>"; };
		ED006C9227352BD5002A2F63 /* AIRBDShopWindowViewController.h */ = {isa = PBXFileReference; fileEncoding = 4; lastKnownFileType = sourcecode.c.h; path = AIRBDShopWindowViewController.h; sourceTree = "<group>"; };
		ED006CAB2735393F002A2F63 /* AIRBDBigClassViewController.m */ = {isa = PBXFileReference; fileEncoding = 4; lastKnownFileType = sourcecode.c.objc; path = AIRBDBigClassViewController.m; sourceTree = "<group>"; };
		ED006CAC2735393F002A2F63 /* AIRBDStudentView.h */ = {isa = PBXFileReference; fileEncoding = 4; lastKnownFileType = sourcecode.c.h; path = AIRBDStudentView.h; sourceTree = "<group>"; };
		ED006CAD2735393F002A2F63 /* AIRBDStudentListCell.h */ = {isa = PBXFileReference; fileEncoding = 4; lastKnownFileType = sourcecode.c.h; path = AIRBDStudentListCell.h; sourceTree = "<group>"; };
		ED006CAE2735393F002A2F63 /* AIRBDStudentViewController.m */ = {isa = PBXFileReference; fileEncoding = 4; lastKnownFileType = sourcecode.c.objc; path = AIRBDStudentViewController.m; sourceTree = "<group>"; };
		ED006CAF2735393F002A2F63 /* AIRBDTeacherView.h */ = {isa = PBXFileReference; fileEncoding = 4; lastKnownFileType = sourcecode.c.h; path = AIRBDTeacherView.h; sourceTree = "<group>"; };
		ED006CB02735393F002A2F63 /* AIRBDTeacherViewController.m */ = {isa = PBXFileReference; fileEncoding = 4; lastKnownFileType = sourcecode.c.objc; path = AIRBDTeacherViewController.m; sourceTree = "<group>"; };
		ED006CB12735393F002A2F63 /* AIRBDStudentListItemModel.h */ = {isa = PBXFileReference; fileEncoding = 4; lastKnownFileType = sourcecode.c.h; path = AIRBDStudentListItemModel.h; sourceTree = "<group>"; };
		ED006CB22735393F002A2F63 /* AIRBDStudentListCell.m */ = {isa = PBXFileReference; fileEncoding = 4; lastKnownFileType = sourcecode.c.objc; path = AIRBDStudentListCell.m; sourceTree = "<group>"; };
		ED006CB32735393F002A2F63 /* AIRBDStudentView.m */ = {isa = PBXFileReference; fileEncoding = 4; lastKnownFileType = sourcecode.c.objc; path = AIRBDStudentView.m; sourceTree = "<group>"; };
		ED006CB42735393F002A2F63 /* AIRBDTeacherView.m */ = {isa = PBXFileReference; fileEncoding = 4; lastKnownFileType = sourcecode.c.objc; path = AIRBDTeacherView.m; sourceTree = "<group>"; };
		ED006CB52735393F002A2F63 /* AIRBDBigClassViewController.h */ = {isa = PBXFileReference; fileEncoding = 4; lastKnownFileType = sourcecode.c.h; path = AIRBDBigClassViewController.h; sourceTree = "<group>"; };
		ED006CB62735393F002A2F63 /* AIRBDStudentListItemModel.m */ = {isa = PBXFileReference; fileEncoding = 4; lastKnownFileType = sourcecode.c.objc; path = AIRBDStudentListItemModel.m; sourceTree = "<group>"; };
		ED30BF84271FBB7600E3A2E6 /* UIViewController+Extension.h */ = {isa = PBXFileReference; fileEncoding = 4; lastKnownFileType = sourcecode.c.h; path = "UIViewController+Extension.h"; sourceTree = "<group>"; };
		ED30BF85271FBB7600E3A2E6 /* UIViewController+Extension.m */ = {isa = PBXFileReference; fileEncoding = 4; lastKnownFileType = sourcecode.c.objc; path = "UIViewController+Extension.m"; sourceTree = "<group>"; };
		EDCFB0BB268C8BAA00205E2D /* libresolv.tbd */ = {isa = PBXFileReference; lastKnownFileType = "sourcecode.text-based-dylib-definition"; name = libresolv.tbd; path = usr/lib/libresolv.tbd; sourceTree = SDKROOT; };
		EDCFB0C0268C97DE00205E2D /* AIRBDEnvironments.h */ = {isa = PBXFileReference; lastKnownFileType = sourcecode.c.h; path = AIRBDEnvironments.h; sourceTree = "<group>"; };
		EDCFB0C3268C998600205E2D /* AIRBDEnvironments.m */ = {isa = PBXFileReference; fileEncoding = 4; lastKnownFileType = sourcecode.c.objc; path = AIRBDEnvironments.m; sourceTree = "<group>"; };
		EDD116412653B66600B69881 /* AliInteractiveRoomDemo.app */ = {isa = PBXFileReference; explicitFileType = wrapper.application; includeInIndex = 0; path = AliInteractiveRoomDemo.app; sourceTree = BUILT_PRODUCTS_DIR; };
		EDD116442653B66600B69881 /* AppDelegate.h */ = {isa = PBXFileReference; lastKnownFileType = sourcecode.c.h; path = AppDelegate.h; sourceTree = "<group>"; };
		EDD116452653B66600B69881 /* AppDelegate.m */ = {isa = PBXFileReference; lastKnownFileType = sourcecode.c.objc; path = AppDelegate.m; sourceTree = "<group>"; };
		EDD116472653B66600B69881 /* SceneDelegate.h */ = {isa = PBXFileReference; lastKnownFileType = sourcecode.c.h; path = SceneDelegate.h; sourceTree = "<group>"; };
		EDD116482653B66600B69881 /* SceneDelegate.m */ = {isa = PBXFileReference; lastKnownFileType = sourcecode.c.objc; path = SceneDelegate.m; sourceTree = "<group>"; };
		EDD1164A2653B66600B69881 /* ViewController.h */ = {isa = PBXFileReference; lastKnownFileType = sourcecode.c.h; path = ViewController.h; sourceTree = "<group>"; };
		EDD1164B2653B66600B69881 /* ViewController.m */ = {isa = PBXFileReference; lastKnownFileType = sourcecode.c.objc; path = ViewController.m; sourceTree = "<group>"; };
		EDD1164E2653B66600B69881 /* Base */ = {isa = PBXFileReference; lastKnownFileType = file.storyboard; name = Base; path = Base.lproj/Main.storyboard; sourceTree = "<group>"; };
		EDD116502653B66700B69881 /* Assets.xcassets */ = {isa = PBXFileReference; lastKnownFileType = folder.assetcatalog; path = Assets.xcassets; sourceTree = "<group>"; };
		EDD116532653B66700B69881 /* Base */ = {isa = PBXFileReference; lastKnownFileType = file.storyboard; name = Base; path = Base.lproj/LaunchScreen.storyboard; sourceTree = "<group>"; };
		EDD116552653B66700B69881 /* Info.plist */ = {isa = PBXFileReference; lastKnownFileType = text.plist.xml; path = Info.plist; sourceTree = "<group>"; };
		EDD116562653B66700B69881 /* main.m */ = {isa = PBXFileReference; lastKnownFileType = sourcecode.c.objc; path = main.m; sourceTree = "<group>"; };
		EDD116CD2653B92100B69881 /* AIRBDToast.h */ = {isa = PBXFileReference; fileEncoding = 4; lastKnownFileType = sourcecode.c.h; path = AIRBDToast.h; sourceTree = "<group>"; };
		EDD116CE2653B92100B69881 /* AIRBDToast.m */ = {isa = PBXFileReference; fileEncoding = 4; lastKnownFileType = sourcecode.c.objc; path = AIRBDToast.m; sourceTree = "<group>"; };
		EDD1177D2653BBB500B69881 /* HMACSHA1.m */ = {isa = PBXFileReference; fileEncoding = 4; lastKnownFileType = sourcecode.c.objc; path = HMACSHA1.m; sourceTree = "<group>"; };
		EDD1177E2653BBB500B69881 /* Utility.m */ = {isa = PBXFileReference; fileEncoding = 4; lastKnownFileType = sourcecode.c.objc; path = Utility.m; sourceTree = "<group>"; };
		EDD1177F2653BBB500B69881 /* HMACSHA1.h */ = {isa = PBXFileReference; fileEncoding = 4; lastKnownFileType = sourcecode.c.h; path = HMACSHA1.h; sourceTree = "<group>"; };
		EDD117802653BBB500B69881 /* Utility.h */ = {isa = PBXFileReference; fileEncoding = 4; lastKnownFileType = sourcecode.c.h; path = Utility.h; sourceTree = "<group>"; };
/* End PBXFileReference section */

/* Begin PBXFrameworksBuildPhase section */
		EDD1163E2653B66600B69881 /* Frameworks */ = {
			isa = PBXFrameworksBuildPhase;
			buildActionMask = 2147483647;
			files = (
				EDCFB0BD268C8BBE00205E2D /* libresolv.tbd in Frameworks */,
				9652EF7D96641EB935AE3BF4 /* libPods-AliInteractiveRoomDemo.a in Frameworks */,
			);
			runOnlyForDeploymentPostprocessing = 0;
		};
/* End PBXFrameworksBuildPhase section */

/* Begin PBXGroup section */
		091FA4E63F179B015FFD799B /* Pods */ = {
			isa = PBXGroup;
			children = (
				5F87BCE39EF8827BE3F38BF8 /* Pods-AliInteractiveRoomDemo.debug.xcconfig */,
				B81929F7DDFB649DAA828664 /* Pods-AliInteractiveRoomDemo.release.xcconfig */,
			);
			path = Pods;
			sourceTree = "<group>";
		};
		272BD40126687AD00041DEAB /* UITools */ = {
			isa = PBXGroup;
			children = (
				EDD116CD2653B92100B69881 /* AIRBDToast.h */,
				EDD116CE2653B92100B69881 /* AIRBDToast.m */,
				ED30BF84271FBB7600E3A2E6 /* UIViewController+Extension.h */,
				ED30BF85271FBB7600E3A2E6 /* UIViewController+Extension.m */,
				274B31132683633700E59317 /* AIRBDCommentCell.h */,
				274B31122683633700E59317 /* AIRBDCommentCell.m */,
				274B31102683633700E59317 /* AIRBDCommentModel.h */,
				274B31142683633700E59317 /* AIRBDCommentModel.m */,
				274B310F2683633700E59317 /* AIRBDCommentView.h */,
				274B31112683633700E59317 /* AIRBDCommentView.m */,
				275B777B267878CA00825192 /* AIRBDMultiRTCView.h */,
				275B777C267878CA00825192 /* AIRBDMultiRTCView.m */,
				276DE1C9266DB7100050A689 /* AIRBDItemsView.h */,
				276DE1CA266DB7100050A689 /* AIRBDItemsView.m */,
				276DE1CC266DCD310050A689 /* AIRBDItemsViewCell.h */,
				276DE1CD266DCD310050A689 /* AIRBDItemsViewCell.m */,
				27725C9E266F47360023E741 /* AIRBDMemberModel.h */,
				27725C9F266F47360023E741 /* AIRBDMemberModel.m */,
				27F76E67267359B700743386 /* AIRBDSystemInfoLabel.h */,
				27F76E68267359B700743386 /* AIRBDSystemInfoLabel.m */,
				275C140E2679A8A400FD064B /* AIRBDRTCView.h */,
				275C140F2679A8A400FD064B /* AIRBDRTCView.m */,
				274B31412689734800E59317 /* UIColor+HexColor.h */,
				274B31422689734800E59317 /* UIColor+HexColor.m */,
			);
			path = UITools;
			sourceTree = "<group>";
		};
		ED006C8A27352BC1002A2F63 /* 基于样板间SDK */ = {
			isa = PBXGroup;
			children = (
				ED006C9127352BD5002A2F63 /* AIRBDAbilityDemonstrationViewController.h */,
				ED006C9027352BD5002A2F63 /* AIRBDAbilityDemonstrationViewController.m */,
				ED006C8D27352BD5002A2F63 /* AIRBDLiveRoomViewController.h */,
				ED006C8C27352BD5002A2F63 /* AIRBDLiveRoomViewController.m */,
				ED006C8E27352BD5002A2F63 /* AIRBDShareViewController.h */,
				ED006C8F27352BD5002A2F63 /* AIRBDShareViewController.m */,
				ED006C9227352BD5002A2F63 /* AIRBDShopWindowViewController.h */,
				ED006C8B27352BD5002A2F63 /* AIRBDShopWindowViewController.m */,
			);
			path = "基于样板间SDK";
			sourceTree = "<group>";
		};
		ED006C9A273535AD002A2F63 /* 互动课堂 */ = {
			isa = PBXGroup;
			children = (
				ED006C9C273535C7002A2F63 /* 基于样板间SDK */,
				ED006C9B273535BB002A2F63 /* 基于场景化SDK */,
			);
			path = "互动课堂";
			sourceTree = "<group>";
		};
		ED006C9B273535BB002A2F63 /* 基于场景化SDK */ = {
			isa = PBXGroup;
			children = (
				ED006CB52735393F002A2F63 /* AIRBDBigClassViewController.h */,
				ED006CAB2735393F002A2F63 /* AIRBDBigClassViewController.m */,
				ED006CAD2735393F002A2F63 /* AIRBDStudentListCell.h */,
				ED006CB22735393F002A2F63 /* AIRBDStudentListCell.m */,
				ED006CB12735393F002A2F63 /* AIRBDStudentListItemModel.h */,
				ED006CB62735393F002A2F63 /* AIRBDStudentListItemModel.m */,
				ED006CAC2735393F002A2F63 /* AIRBDStudentView.h */,
				ED006CB32735393F002A2F63 /* AIRBDStudentView.m */,
				ED006CAE2735393F002A2F63 /* AIRBDStudentViewController.m */,
				ED006CAF2735393F002A2F63 /* AIRBDTeacherView.h */,
				ED006CB42735393F002A2F63 /* AIRBDTeacherView.m */,
				ED006CB02735393F002A2F63 /* AIRBDTeacherViewController.m */,
			);
			path = "基于场景化SDK";
			sourceTree = "<group>";
		};
		ED006C9C273535C7002A2F63 /* 基于样板间SDK */ = {
			isa = PBXGroup;
			children = (
			);
			path = "基于样板间SDK";
			sourceTree = "<group>";
		};
		ED006C9D2735362B002A2F63 /* 互动直播 */ = {
			isa = PBXGroup;
			children = (
				ED006C9E273536EA002A2F63 /* 基于场景化SDK */,
				ED006C8A27352BC1002A2F63 /* 基于样板间SDK */,
			);
			path = "互动直播";
			sourceTree = "<group>";
		};
		ED006C9E273536EA002A2F63 /* 基于场景化SDK */ = {
			isa = PBXGroup;
			children = (
				ED006CA12735373C002A2F63 /* Controller */,
				ED006CA02735372D002A2F63 /* View */,
				ED006C9F27353718002A2F63 /* Model */,
			);
			path = "基于场景化SDK";
			sourceTree = "<group>";
		};
		ED006C9F27353718002A2F63 /* Model */ = {
			isa = PBXGroup;
			children = (
				274B30FB2683631F00E59317 /* AIRBDRoomInfoModel.h */,
				274B31012683632000E59317 /* AIRBDRoomInfoModel.m */,
			);
			path = Model;
			sourceTree = "<group>";
		};
		ED006CA02735372D002A2F63 /* View */ = {
			isa = PBXGroup;
			children = (
				274B30FE2683632000E59317 /* AIRBDRoomListCell.h */,
				274B30FD2683632000E59317 /* AIRBDRoomListCell.m */,
				274B313E26896A5800E59317 /* AIRBDMorePanelView.h */,
				274B313F26896A5800E59317 /* AIRBDMorePanelView.m */,
				27A58A9F268C4DA20091DB44 /* AIRBDetailsButton.h */,
				27A58A87268C1C0A0091DB44 /* AIRBDetailsButton.m */,
			);
			path = View;
			sourceTree = "<group>";
		};
		ED006CA12735373C002A2F63 /* Controller */ = {
			isa = PBXGroup;
			children = (
				274B31042683632000E59317 /* AIRBDAnchorViewController.h */,
				274B30F42683631F00E59317 /* AIRBDAnchorViewController.m */,
				274B30F92683631F00E59317 /* AIRBDAudienceViewController.h */,
				274B30F82683631F00E59317 /* AIRBDAudienceViewController.m */,
				274B30FF2683632000E59317 /* AIRBDRoomListViewController.h */,
				274B30F12683631E00E59317 /* AIRBDRoomListViewController.m */,
				274B30F32683631F00E59317 /* AIRBDSetRoomViewController.h */,
				274B30FA2683631F00E59317 /* AIRBDSetRoomViewController.m */,
			);
			path = Controller;
			sourceTree = "<group>";
		};
		EDD116382653B66600B69881 = {
			isa = PBXGroup;
			children = (
				EDD116432653B66600B69881 /* AliInteractiveRoomDemo */,
				EDD116422653B66600B69881 /* Products */,
				EDD116862653B70F00B69881 /* Frameworks */,
				091FA4E63F179B015FFD799B /* Pods */,
			);
			sourceTree = "<group>";
		};
		EDD116422653B66600B69881 /* Products */ = {
			isa = PBXGroup;
			children = (
				EDD116412653B66600B69881 /* AliInteractiveRoomDemo.app */,
			);
			name = Products;
			sourceTree = "<group>";
		};
		EDD116432653B66600B69881 /* AliInteractiveRoomDemo */ = {
			isa = PBXGroup;
			children = (
				EDD1177C2653BBB500B69881 /* Utilities */,
				272BD40126687AD00041DEAB /* UITools */,
				ED006C9D2735362B002A2F63 /* 互动直播 */,
				ED006C9A273535AD002A2F63 /* 互动课堂 */,
				274B30F22683631F00E59317 /* AIRBDLoginViewController.h */,
				274B30F52683631F00E59317 /* AIRBDLoginViewController.m */,
				EDD116442653B66600B69881 /* AppDelegate.h */,
				EDD116452653B66600B69881 /* AppDelegate.m */,
				EDD116472653B66600B69881 /* SceneDelegate.h */,
				EDD116482653B66600B69881 /* SceneDelegate.m */,
				EDD1164A2653B66600B69881 /* ViewController.h */,
				EDD1164B2653B66600B69881 /* ViewController.m */,
				EDD1164D2653B66600B69881 /* Main.storyboard */,
				EDD116502653B66700B69881 /* Assets.xcassets */,
				EDD116522653B66700B69881 /* LaunchScreen.storyboard */,
				EDD116552653B66700B69881 /* Info.plist */,
				EDD116562653B66700B69881 /* main.m */,
				EDCFB0C0268C97DE00205E2D /* AIRBDEnvironments.h */,
				EDCFB0C3268C998600205E2D /* AIRBDEnvironments.m */,
			);
			path = AliInteractiveRoomDemo;
			sourceTree = "<group>";
		};
		EDD116862653B70F00B69881 /* Frameworks */ = {
			isa = PBXGroup;
			children = (
				EDCFB0BB268C8BAA00205E2D /* libresolv.tbd */,
				131B8C73A5A984EFAFED6A15 /* libPods-AliInteractiveRoomDemo.a */,
			);
			name = Frameworks;
			sourceTree = "<group>";
		};
		EDD1177C2653BBB500B69881 /* Utilities */ = {
			isa = PBXGroup;
			children = (
				EDD1177D2653BBB500B69881 /* HMACSHA1.m */,
				EDD1177E2653BBB500B69881 /* Utility.m */,
				EDD1177F2653BBB500B69881 /* HMACSHA1.h */,
				EDD117802653BBB500B69881 /* Utility.h */,
			);
			path = Utilities;
			sourceTree = "<group>";
		};
/* End PBXGroup section */

/* Begin PBXNativeTarget section */
		EDD116402653B66600B69881 /* AliInteractiveRoomDemo */ = {
			isa = PBXNativeTarget;
			buildConfigurationList = EDD116702653B66700B69881 /* Build configuration list for PBXNativeTarget "AliInteractiveRoomDemo" */;
			buildPhases = (
				5BF9766DE05C573AA2D54B43 /* [CP] Check Pods Manifest.lock */,
				EDD1163D2653B66600B69881 /* Sources */,
				EDD1163E2653B66600B69881 /* Frameworks */,
				EDD1163F2653B66600B69881 /* Resources */,
				ED80E9AF265E2B75001179C9 /* Embed Frameworks */,
				66675C4FA645A8B861E194DD /* [CP] Embed Pods Frameworks */,
				C58DCBFF94BDDAFE8C945DCE /* [CP] Copy Pods Resources */,
			);
			buildRules = (
			);
			dependencies = (
			);
			name = AliInteractiveRoomDemo;
			productName = AliInteractiveRoomDemo;
			productReference = EDD116412653B66600B69881 /* AliInteractiveRoomDemo.app */;
			productType = "com.apple.product-type.application";
		};
/* End PBXNativeTarget section */

/* Begin PBXProject section */
		EDD116392653B66600B69881 /* Project object */ = {
			isa = PBXProject;
			attributes = {
				LastUpgradeCheck = 1220;
				TargetAttributes = {
					EDD116402653B66600B69881 = {
						CreatedOnToolsVersion = 12.2;
					};
				};
			};
			buildConfigurationList = EDD1163C2653B66600B69881 /* Build configuration list for PBXProject "AliInteractiveRoomDemo" */;
			compatibilityVersion = "Xcode 9.3";
			developmentRegion = en;
			hasScannedForEncodings = 0;
			knownRegions = (
				en,
				Base,
			);
			mainGroup = EDD116382653B66600B69881;
			productRefGroup = EDD116422653B66600B69881 /* Products */;
			projectDirPath = "";
			projectRoot = "";
			targets = (
				EDD116402653B66600B69881 /* AliInteractiveRoomDemo */,
			);
		};
/* End PBXProject section */

/* Begin PBXResourcesBuildPhase section */
		EDD1163F2653B66600B69881 /* Resources */ = {
			isa = PBXResourcesBuildPhase;
			buildActionMask = 2147483647;
			files = (
				EDD116542653B66700B69881 /* LaunchScreen.storyboard in Resources */,
				EDD116512653B66700B69881 /* Assets.xcassets in Resources */,
				EDD1164F2653B66600B69881 /* Main.storyboard in Resources */,
			);
			runOnlyForDeploymentPostprocessing = 0;
		};
/* End PBXResourcesBuildPhase section */

/* Begin PBXShellScriptBuildPhase section */
		5BF9766DE05C573AA2D54B43 /* [CP] Check Pods Manifest.lock */ = {
			isa = PBXShellScriptBuildPhase;
			buildActionMask = 2147483647;
			files = (
			);
			inputFileListPaths = (
			);
			inputPaths = (
				"${PODS_PODFILE_DIR_PATH}/Podfile.lock",
				"${PODS_ROOT}/Manifest.lock",
			);
			name = "[CP] Check Pods Manifest.lock";
			outputFileListPaths = (
			);
			outputPaths = (
				"$(DERIVED_FILE_DIR)/Pods-AliInteractiveRoomDemo-checkManifestLockResult.txt",
			);
			runOnlyForDeploymentPostprocessing = 0;
			shellPath = /bin/sh;
			shellScript = "diff \"${PODS_PODFILE_DIR_PATH}/Podfile.lock\" \"${PODS_ROOT}/Manifest.lock\" > /dev/null\nif [ $? != 0 ] ; then\n    # print error to STDERR\n    echo \"error: The sandbox is not in sync with the Podfile.lock. Run 'pod install' or update your CocoaPods installation.\" >&2\n    exit 1\nfi\n# This output is used by Xcode 'outputs' to avoid re-running this script phase.\necho \"SUCCESS\" > \"${SCRIPT_OUTPUT_FILE_0}\"\n";
			showEnvVarsInLog = 0;
		};
		66675C4FA645A8B861E194DD /* [CP] Embed Pods Frameworks */ = {
			isa = PBXShellScriptBuildPhase;
			buildActionMask = 2147483647;
			files = (
			);
			inputFileListPaths = (
				"${PODS_ROOT}/Target Support Files/Pods-AliInteractiveRoomDemo/Pods-AliInteractiveRoomDemo-frameworks-${CONFIGURATION}-input-files.xcfilelist",
			);
			name = "[CP] Embed Pods Frameworks";
			outputFileListPaths = (
				"${PODS_ROOT}/Target Support Files/Pods-AliInteractiveRoomDemo/Pods-AliInteractiveRoomDemo-frameworks-${CONFIGURATION}-output-files.xcfilelist",
			);
			runOnlyForDeploymentPostprocessing = 0;
			shellPath = /bin/sh;
			shellScript = "\"${PODS_ROOT}/Target Support Files/Pods-AliInteractiveRoomDemo/Pods-AliInteractiveRoomDemo-frameworks.sh\"\n";
			showEnvVarsInLog = 0;
		};
		C58DCBFF94BDDAFE8C945DCE /* [CP] Copy Pods Resources */ = {
			isa = PBXShellScriptBuildPhase;
			buildActionMask = 2147483647;
			files = (
			);
			inputFileListPaths = (
				"${PODS_ROOT}/Target Support Files/Pods-AliInteractiveRoomDemo/Pods-AliInteractiveRoomDemo-resources-${CONFIGURATION}-input-files.xcfilelist",
			);
			name = "[CP] Copy Pods Resources";
			outputFileListPaths = (
				"${PODS_ROOT}/Target Support Files/Pods-AliInteractiveRoomDemo/Pods-AliInteractiveRoomDemo-resources-${CONFIGURATION}-output-files.xcfilelist",
			);
			runOnlyForDeploymentPostprocessing = 0;
			shellPath = /bin/sh;
			shellScript = "\"${PODS_ROOT}/Target Support Files/Pods-AliInteractiveRoomDemo/Pods-AliInteractiveRoomDemo-resources.sh\"\n";
			showEnvVarsInLog = 0;
		};
/* End PBXShellScriptBuildPhase section */

/* Begin PBXSourcesBuildPhase section */
		EDD1163D2653B66600B69881 /* Sources */ = {
			isa = PBXSourcesBuildPhase;
			buildActionMask = 2147483647;
			files = (
				274B310B2683632000E59317 /* AIRBDSetRoomViewController.m in Sources */,
				ED006CBA2735393F002A2F63 /* AIRBDStudentListCell.m in Sources */,
				ED006CB72735393F002A2F63 /* AIRBDBigClassViewController.m in Sources */,
				275C14102679A8A400FD064B /* AIRBDRTCView.m in Sources */,
				EDD1164C2653B66600B69881 /* ViewController.m in Sources */,
				ED006CB92735393F002A2F63 /* AIRBDTeacherViewController.m in Sources */,
				27A58A88268C1C0A0091DB44 /* AIRBDetailsButton.m in Sources */,
				274B310A2683632000E59317 /* AIRBDAudienceViewController.m in Sources */,
				274B310C2683632000E59317 /* AIRBDRoomListCell.m in Sources */,
				274B31172683633800E59317 /* AIRBDCommentModel.m in Sources */,
				EDD116462653B66600B69881 /* AppDelegate.m in Sources */,
				274B31432689734800E59317 /* UIColor+HexColor.m in Sources */,
				274B310E2683632000E59317 /* AIRBDRoomInfoModel.m in Sources */,
				276DE1CE266DCD310050A689 /* AIRBDItemsViewCell.m in Sources */,
				ED006C9427352BD5002A2F63 /* AIRBDLiveRoomViewController.m in Sources */,
				ED006C9327352BD5002A2F63 /* AIRBDShopWindowViewController.m in Sources */,
				274B314026896A5800E59317 /* AIRBDMorePanelView.m in Sources */,
				ED006CBD2735393F002A2F63 /* AIRBDStudentListItemModel.m in Sources */,
				ED006CB82735393F002A2F63 /* AIRBDStudentViewController.m in Sources */,
				EDD117942653BBB600B69881 /* HMACSHA1.m in Sources */,
				274B31072683632000E59317 /* AIRBDLoginViewController.m in Sources */,
				EDD117952653BBB600B69881 /* Utility.m in Sources */,
				274B31062683632000E59317 /* AIRBDAnchorViewController.m in Sources */,
				EDD116572653B66700B69881 /* main.m in Sources */,
				275B777D267878CA00825192 /* AIRBDMultiRTCView.m in Sources */,
				EDCFB0C4268C998600205E2D /* AIRBDEnvironments.m in Sources */,
				EDD116CF2653B92100B69881 /* AIRBDToast.m in Sources */,
				274B31052683632000E59317 /* AIRBDRoomListViewController.m in Sources */,
				274B31162683633700E59317 /* AIRBDCommentCell.m in Sources */,
				ED006C9527352BD5002A2F63 /* AIRBDShareViewController.m in Sources */,
				27F76E69267359B700743386 /* AIRBDSystemInfoLabel.m in Sources */,
				ED006CBC2735393F002A2F63 /* AIRBDTeacherView.m in Sources */,
				EDD116492653B66600B69881 /* SceneDelegate.m in Sources */,
				274B31152683633700E59317 /* AIRBDCommentView.m in Sources */,
				ED30BF86271FBB7600E3A2E6 /* UIViewController+Extension.m in Sources */,
				ED006CBB2735393F002A2F63 /* AIRBDStudentView.m in Sources */,
				ED006C9627352BD5002A2F63 /* AIRBDAbilityDemonstrationViewController.m in Sources */,
				276DE1CB266DB7100050A689 /* AIRBDItemsView.m in Sources */,
			);
			runOnlyForDeploymentPostprocessing = 0;
		};
/* End PBXSourcesBuildPhase section */

/* Begin PBXVariantGroup section */
		EDD1164D2653B66600B69881 /* Main.storyboard */ = {
			isa = PBXVariantGroup;
			children = (
				EDD1164E2653B66600B69881 /* Base */,
			);
			name = Main.storyboard;
			sourceTree = "<group>";
		};
		EDD116522653B66700B69881 /* LaunchScreen.storyboard */ = {
			isa = PBXVariantGroup;
			children = (
				EDD116532653B66700B69881 /* Base */,
			);
			name = LaunchScreen.storyboard;
			sourceTree = "<group>";
		};
/* End PBXVariantGroup section */

/* Begin XCBuildConfiguration section */
		EDD1166E2653B66700B69881 /* Debug */ = {
			isa = XCBuildConfiguration;
			buildSettings = {
				ALWAYS_SEARCH_USER_PATHS = NO;
				CLANG_ANALYZER_NONNULL = YES;
				CLANG_ANALYZER_NUMBER_OBJECT_CONVERSION = YES_AGGRESSIVE;
				CLANG_CXX_LANGUAGE_STANDARD = "gnu++14";
				CLANG_CXX_LIBRARY = "libc++";
				CLANG_ENABLE_MODULES = YES;
				CLANG_ENABLE_OBJC_ARC = YES;
				CLANG_ENABLE_OBJC_WEAK = YES;
				CLANG_WARN_BLOCK_CAPTURE_AUTORELEASING = YES;
				CLANG_WARN_BOOL_CONVERSION = YES;
				CLANG_WARN_COMMA = YES;
				CLANG_WARN_CONSTANT_CONVERSION = YES;
				CLANG_WARN_DEPRECATED_OBJC_IMPLEMENTATIONS = YES;
				CLANG_WARN_DIRECT_OBJC_ISA_USAGE = YES_ERROR;
				CLANG_WARN_DOCUMENTATION_COMMENTS = YES;
				CLANG_WARN_EMPTY_BODY = YES;
				CLANG_WARN_ENUM_CONVERSION = YES;
				CLANG_WARN_INFINITE_RECURSION = YES;
				CLANG_WARN_INT_CONVERSION = YES;
				CLANG_WARN_NON_LITERAL_NULL_CONVERSION = YES;
				CLANG_WARN_OBJC_IMPLICIT_RETAIN_SELF = YES;
				CLANG_WARN_OBJC_LITERAL_CONVERSION = YES;
				CLANG_WARN_OBJC_ROOT_CLASS = YES_ERROR;
				CLANG_WARN_QUOTED_INCLUDE_IN_FRAMEWORK_HEADER = YES;
				CLANG_WARN_RANGE_LOOP_ANALYSIS = YES;
				CLANG_WARN_STRICT_PROTOTYPES = YES;
				CLANG_WARN_SUSPICIOUS_MOVE = YES;
				CLANG_WARN_UNGUARDED_AVAILABILITY = YES_AGGRESSIVE;
				CLANG_WARN_UNREACHABLE_CODE = YES;
				CLANG_WARN__DUPLICATE_METHOD_MATCH = YES;
				COPY_PHASE_STRIP = NO;
				DEBUG_INFORMATION_FORMAT = dwarf;
				ENABLE_STRICT_OBJC_MSGSEND = YES;
				ENABLE_TESTABILITY = YES;
				GCC_C_LANGUAGE_STANDARD = gnu11;
				GCC_DYNAMIC_NO_PIC = NO;
				GCC_NO_COMMON_BLOCKS = YES;
				GCC_OPTIMIZATION_LEVEL = 0;
				GCC_PREPROCESSOR_DEFINITIONS = (
					"DEBUG=1",
					"$(inherited)",
				);
				GCC_WARN_64_TO_32_BIT_CONVERSION = YES;
				GCC_WARN_ABOUT_RETURN_TYPE = YES_ERROR;
				GCC_WARN_UNDECLARED_SELECTOR = YES;
				GCC_WARN_UNINITIALIZED_AUTOS = YES_AGGRESSIVE;
				GCC_WARN_UNUSED_FUNCTION = YES;
				GCC_WARN_UNUSED_VARIABLE = YES;
				IPHONEOS_DEPLOYMENT_TARGET = 10.0;
				MTL_ENABLE_DEBUG_INFO = INCLUDE_SOURCE;
				MTL_FAST_MATH = YES;
				ONLY_ACTIVE_ARCH = YES;
				SDKROOT = iphoneos;
			};
			name = Debug;
		};
		EDD1166F2653B66700B69881 /* Release */ = {
			isa = XCBuildConfiguration;
			buildSettings = {
				ALWAYS_SEARCH_USER_PATHS = NO;
				CLANG_ANALYZER_NONNULL = YES;
				CLANG_ANALYZER_NUMBER_OBJECT_CONVERSION = YES_AGGRESSIVE;
				CLANG_CXX_LANGUAGE_STANDARD = "gnu++14";
				CLANG_CXX_LIBRARY = "libc++";
				CLANG_ENABLE_MODULES = YES;
				CLANG_ENABLE_OBJC_ARC = YES;
				CLANG_ENABLE_OBJC_WEAK = YES;
				CLANG_WARN_BLOCK_CAPTURE_AUTORELEASING = YES;
				CLANG_WARN_BOOL_CONVERSION = YES;
				CLANG_WARN_COMMA = YES;
				CLANG_WARN_CONSTANT_CONVERSION = YES;
				CLANG_WARN_DEPRECATED_OBJC_IMPLEMENTATIONS = YES;
				CLANG_WARN_DIRECT_OBJC_ISA_USAGE = YES_ERROR;
				CLANG_WARN_DOCUMENTATION_COMMENTS = YES;
				CLANG_WARN_EMPTY_BODY = YES;
				CLANG_WARN_ENUM_CONVERSION = YES;
				CLANG_WARN_INFINITE_RECURSION = YES;
				CLANG_WARN_INT_CONVERSION = YES;
				CLANG_WARN_NON_LITERAL_NULL_CONVERSION = YES;
				CLANG_WARN_OBJC_IMPLICIT_RETAIN_SELF = YES;
				CLANG_WARN_OBJC_LITERAL_CONVERSION = YES;
				CLANG_WARN_OBJC_ROOT_CLASS = YES_ERROR;
				CLANG_WARN_QUOTED_INCLUDE_IN_FRAMEWORK_HEADER = YES;
				CLANG_WARN_RANGE_LOOP_ANALYSIS = YES;
				CLANG_WARN_STRICT_PROTOTYPES = YES;
				CLANG_WARN_SUSPICIOUS_MOVE = YES;
				CLANG_WARN_UNGUARDED_AVAILABILITY = YES_AGGRESSIVE;
				CLANG_WARN_UNREACHABLE_CODE = YES;
				CLANG_WARN__DUPLICATE_METHOD_MATCH = YES;
				COPY_PHASE_STRIP = NO;
				DEBUG_INFORMATION_FORMAT = "dwarf-with-dsym";
				ENABLE_NS_ASSERTIONS = NO;
				ENABLE_STRICT_OBJC_MSGSEND = YES;
				GCC_C_LANGUAGE_STANDARD = gnu11;
				GCC_NO_COMMON_BLOCKS = YES;
				GCC_WARN_64_TO_32_BIT_CONVERSION = YES;
				GCC_WARN_ABOUT_RETURN_TYPE = YES_ERROR;
				GCC_WARN_UNDECLARED_SELECTOR = YES;
				GCC_WARN_UNINITIALIZED_AUTOS = YES_AGGRESSIVE;
				GCC_WARN_UNUSED_FUNCTION = YES;
				GCC_WARN_UNUSED_VARIABLE = YES;
				IPHONEOS_DEPLOYMENT_TARGET = 10.0;
				MTL_ENABLE_DEBUG_INFO = NO;
				MTL_FAST_MATH = YES;
				SDKROOT = iphoneos;
				VALIDATE_PRODUCT = YES;
			};
			name = Release;
		};
		EDD116712653B66700B69881 /* Debug */ = {
			isa = XCBuildConfiguration;
			baseConfigurationReference = 5F87BCE39EF8827BE3F38BF8 /* Pods-AliInteractiveRoomDemo.debug.xcconfig */;
			buildSettings = {
				ASSETCATALOG_COMPILER_APPICON_NAME = AppIcon;
				ASSETCATALOG_COMPILER_GLOBAL_ACCENT_COLOR_NAME = AccentColor;
				CODE_SIGN_STYLE = Automatic;
				DEVELOPMENT_TEAM = 3QR448XZXA;
				ENABLE_BITCODE = NO;
				FRAMEWORK_SEARCH_PATHS = (
					"$(inherited)",
					"$(PROJECT_DIR)/AliInteractiveRoomDemo/Frameworks",
					"$(PROJECT_DIR)/AliInteractiveRoomDemo/ThirdLibrary",
				);
				INFOPLIST_FILE = AliInteractiveRoomDemo/Info.plist;
				IPHONEOS_DEPLOYMENT_TARGET = 10.0;
				LD_RUNPATH_SEARCH_PATHS = (
					"$(inherited)",
					"@executable_path/Frameworks",
				);
				LIBRARY_SEARCH_PATHS = (
					"$(inherited)",
					"$(PROJECT_DIR)/AliInteractiveRoomDemo/Frameworks/BabaSSL/lib",
				);
				PRODUCT_BUNDLE_IDENTIFIER = AliInteractiveRoomDemoess;
				PRODUCT_NAME = "$(TARGET_NAME)";
				TARGETED_DEVICE_FAMILY = "1,2";
				VALIDATE_WORKSPACE = YES;
			};
			name = Debug;
		};
		EDD116722653B66700B69881 /* Release */ = {
			isa = XCBuildConfiguration;
			baseConfigurationReference = B81929F7DDFB649DAA828664 /* Pods-AliInteractiveRoomDemo.release.xcconfig */;
			buildSettings = {
				ASSETCATALOG_COMPILER_APPICON_NAME = AppIcon;
				ASSETCATALOG_COMPILER_GLOBAL_ACCENT_COLOR_NAME = AccentColor;
				CODE_SIGN_STYLE = Automatic;
				DEVELOPMENT_TEAM = 3QR448XZXA;
				ENABLE_BITCODE = NO;
				FRAMEWORK_SEARCH_PATHS = (
					"$(inherited)",
					"$(PROJECT_DIR)/AliInteractiveRoomDemo/Frameworks",
					"$(PROJECT_DIR)/AliInteractiveRoomDemo/ThirdLibrary",
				);
				INFOPLIST_FILE = AliInteractiveRoomDemo/Info.plist;
				IPHONEOS_DEPLOYMENT_TARGET = 10.0;
				LD_RUNPATH_SEARCH_PATHS = (
					"$(inherited)",
					"@executable_path/Frameworks",
				);
				LIBRARY_SEARCH_PATHS = (
					"$(inherited)",
					"$(PROJECT_DIR)/AliInteractiveRoomDemo/Frameworks/BabaSSL/lib",
				);
				PRODUCT_BUNDLE_IDENTIFIER = AliInteractiveRoomDemoes;
				PRODUCT_NAME = "$(TARGET_NAME)";
				TARGETED_DEVICE_FAMILY = "1,2";
				VALIDATE_WORKSPACE = YES;
			};
			name = Release;
		};
/* End XCBuildConfiguration section */

/* Begin XCConfigurationList section */
		EDD1163C2653B66600B69881 /* Build configuration list for PBXProject "AliInteractiveRoomDemo" */ = {
			isa = XCConfigurationList;
			buildConfigurations = (
				EDD1166E2653B66700B69881 /* Debug */,
				EDD1166F2653B66700B69881 /* Release */,
			);
			defaultConfigurationIsVisible = 0;
			defaultConfigurationName = Release;
		};
		EDD116702653B66700B69881 /* Build configuration list for PBXNativeTarget "AliInteractiveRoomDemo" */ = {
			isa = XCConfigurationList;
			buildConfigurations = (
				EDD116712653B66700B69881 /* Debug */,
				EDD116722653B66700B69881 /* Release */,
			);
			defaultConfigurationIsVisible = 0;
			defaultConfigurationName = Release;
		};
/* End XCConfigurationList section */
	};
	rootObject = EDD116392653B66600B69881 /* Project object */;
}
