// !$*UTF8*$!
{
	archiveVersion = 1;
	classes = {
	};
	objectVersion = 51;
	objects = {

/* Begin PBXBuildFile section */
		D59CB51419D1C6674E6C9A11 /* libPods-NormalLiveRoomForAnchor.a in Frameworks */ = {isa = PBXBuildFile; fileRef = 074864E205E738A9136B5F45 /* libPods-NormalLiveRoomForAnchor.a */; };
		ED0461B72754E65600516B23 /* AIRBDSetRoomViewController.m in Sources */ = {isa = PBXBuildFile; fileRef = ED0461B52754E65600516B23 /* AIRBDSetRoomViewController.m */; };
		ED0461BA2754E6AE00516B23 /* AIRBDAnchorViewController.m in Sources */ = {isa = PBXBuildFile; fileRef = ED0461B92754E6AE00516B23 /* AIRBDAnchorViewController.m */; };
		ED0461BD2754E83100516B23 /* AIRBDRoomInfoModel.m in Sources */ = {isa = PBXBuildFile; fileRef = ED0461BC2754E83100516B23 /* AIRBDRoomInfoModel.m */; };
		ED8AE5D327BB4EC000F715A5 /* AIRBDLoginViewController.m in Sources */ = {isa = PBXBuildFile; fileRef = ED8AE5D127BB4EC000F715A5 /* AIRBDLoginViewController.m */; };
		ED9D7E9B274F84430007A22A /* AppDelegate.m in Sources */ = {isa = PBXBuildFile; fileRef = ED9D7E9A274F84430007A22A /* AppDelegate.m */; };
		ED9D7E9E274F84430007A22A /* SceneDelegate.m in Sources */ = {isa = PBXBuildFile; fileRef = ED9D7E9D274F84430007A22A /* SceneDelegate.m */; };
		ED9D7EA1274F84430007A22A /* ViewController.m in Sources */ = {isa = PBXBuildFile; fileRef = ED9D7EA0274F84430007A22A /* ViewController.m */; };
		ED9D7EA4274F84430007A22A /* Main.storyboard in Resources */ = {isa = PBXBuildFile; fileRef = ED9D7EA2274F84430007A22A /* Main.storyboard */; };
		ED9D7EA6274F84450007A22A /* Assets.xcassets in Resources */ = {isa = PBXBuildFile; fileRef = ED9D7EA5274F84450007A22A /* Assets.xcassets */; };
		ED9D7EA9274F84450007A22A /* LaunchScreen.storyboard in Resources */ = {isa = PBXBuildFile; fileRef = ED9D7EA7274F84450007A22A /* LaunchScreen.storyboard */; };
		ED9D7EAC274F84450007A22A /* main.m in Sources */ = {isa = PBXBuildFile; fileRef = ED9D7EAB274F84450007A22A /* main.m */; };
		ED9D7EF5274F90310007A22A /* UIColor+HexColor.m in Sources */ = {isa = PBXBuildFile; fileRef = ED9D7EDE274F90310007A22A /* UIColor+HexColor.m */; };
		ED9D7EF6274F90310007A22A /* AIRBDMemberModel.m in Sources */ = {isa = PBXBuildFile; fileRef = ED9D7EDF274F90310007A22A /* AIRBDMemberModel.m */; };
		ED9D7EF7274F90310007A22A /* UIViewController+Extension.m in Sources */ = {isa = PBXBuildFile; fileRef = ED9D7EE1274F90310007A22A /* UIViewController+Extension.m */; };
		ED9D7EF9274F90310007A22A /* AIRBDToast.m in Sources */ = {isa = PBXBuildFile; fileRef = ED9D7EE5274F90310007A22A /* AIRBDToast.m */; };
		ED9D7EFA274F90310007A22A /* AIRBDSystemInfoLabel.m in Sources */ = {isa = PBXBuildFile; fileRef = ED9D7EE8274F90310007A22A /* AIRBDSystemInfoLabel.m */; };
		ED9D7EFC274F90310007A22A /* AIRBDCommentCell.m in Sources */ = {isa = PBXBuildFile; fileRef = ED9D7EEB274F90310007A22A /* AIRBDCommentCell.m */; };
		ED9D7EFD274F90310007A22A /* AIRBDCommentModel.m in Sources */ = {isa = PBXBuildFile; fileRef = ED9D7EEC274F90310007A22A /* AIRBDCommentModel.m */; };
		ED9D7EFE274F90310007A22A /* AIRBDItemsViewCell.m in Sources */ = {isa = PBXBuildFile; fileRef = ED9D7EF1274F90310007A22A /* AIRBDItemsViewCell.m */; };
		ED9D7EFF274F90310007A22A /* AIRBDItemsView.m in Sources */ = {isa = PBXBuildFile; fileRef = ED9D7EF3274F90310007A22A /* AIRBDItemsView.m */; };
		ED9D7F00274F90310007A22A /* AIRBDCommentView.m in Sources */ = {isa = PBXBuildFile; fileRef = ED9D7EF4274F90310007A22A /* AIRBDCommentView.m */; };
		ED9D7F03274F90720007A22A /* AIRBDEnvironments.m in Sources */ = {isa = PBXBuildFile; fileRef = ED9D7F01274F90720007A22A /* AIRBDEnvironments.m */; };
		ED9D7F33274F95410007A22A /* AIRBDetailsButton.m in Sources */ = {isa = PBXBuildFile; fileRef = ED9D7F31274F95410007A22A /* AIRBDetailsButton.m */; };
		ED9D7F34274F95410007A22A /* AIRBDMorePanelView.m in Sources */ = {isa = PBXBuildFile; fileRef = ED9D7F32274F95410007A22A /* AIRBDMorePanelView.m */; };
/* End PBXBuildFile section */

/* Begin PBXFileReference section */
		074864E205E738A9136B5F45 /* libPods-NormalLiveRoomForAnchor.a */ = {isa = PBXFileReference; explicitFileType = archive.ar; includeInIndex = 0; path = "libPods-NormalLiveRoomForAnchor.a"; sourceTree = BUILT_PRODUCTS_DIR; };
		77A9829BFD9323AC7D9B2AE1 /* Pods-NormalLiveRoomForAnchor.debug.xcconfig */ = {isa = PBXFileReference; includeInIndex = 1; lastKnownFileType = text.xcconfig; name = "Pods-NormalLiveRoomForAnchor.debug.xcconfig"; path = "Target Support Files/Pods-NormalLiveRoomForAnchor/Pods-NormalLiveRoomForAnchor.debug.xcconfig"; sourceTree = "<group>"; };
		E27183EE18E231961B8ECB5E /* Pods-NormalLiveRoomForAnchor.release.xcconfig */ = {isa = PBXFileReference; includeInIndex = 1; lastKnownFileType = text.xcconfig; name = "Pods-NormalLiveRoomForAnchor.release.xcconfig"; path = "Target Support Files/Pods-NormalLiveRoomForAnchor/Pods-NormalLiveRoomForAnchor.release.xcconfig"; sourceTree = "<group>"; };
		ED0461B52754E65600516B23 /* AIRBDSetRoomViewController.m */ = {isa = PBXFileReference; fileEncoding = 4; lastKnownFileType = sourcecode.c.objc; path = AIRBDSetRoomViewController.m; sourceTree = "<group>"; };
		ED0461B62754E65600516B23 /* AIRBDSetRoomViewController.h */ = {isa = PBXFileReference; fileEncoding = 4; lastKnownFileType = sourcecode.c.h; path = AIRBDSetRoomViewController.h; sourceTree = "<group>"; };
		ED0461B82754E6AE00516B23 /* AIRBDAnchorViewController.h */ = {isa = PBXFileReference; fileEncoding = 4; lastKnownFileType = sourcecode.c.h; path = AIRBDAnchorViewController.h; sourceTree = "<group>"; };
		ED0461B92754E6AE00516B23 /* AIRBDAnchorViewController.m */ = {isa = PBXFileReference; fileEncoding = 4; lastKnownFileType = sourcecode.c.objc; path = AIRBDAnchorViewController.m; sourceTree = "<group>"; };
		ED0461BB2754E83100516B23 /* AIRBDRoomInfoModel.h */ = {isa = PBXFileReference; fileEncoding = 4; lastKnownFileType = sourcecode.c.h; path = AIRBDRoomInfoModel.h; sourceTree = "<group>"; };
		ED0461BC2754E83100516B23 /* AIRBDRoomInfoModel.m */ = {isa = PBXFileReference; fileEncoding = 4; lastKnownFileType = sourcecode.c.objc; path = AIRBDRoomInfoModel.m; sourceTree = "<group>"; };
		ED8AE5D127BB4EC000F715A5 /* AIRBDLoginViewController.m */ = {isa = PBXFileReference; fileEncoding = 4; lastKnownFileType = sourcecode.c.objc; path = AIRBDLoginViewController.m; sourceTree = "<group>"; };
		ED8AE5D227BB4EC000F715A5 /* AIRBDLoginViewController.h */ = {isa = PBXFileReference; fileEncoding = 4; lastKnownFileType = sourcecode.c.h; path = AIRBDLoginViewController.h; sourceTree = "<group>"; };
		ED9D7E97274F84430007A22A /* NormalLiveRoomForAnchor.app */ = {isa = PBXFileReference; explicitFileType = wrapper.application; includeInIndex = 0; path = NormalLiveRoomForAnchor.app; sourceTree = BUILT_PRODUCTS_DIR; };
		ED9D7E99274F84430007A22A /* AppDelegate.h */ = {isa = PBXFileReference; lastKnownFileType = sourcecode.c.h; path = AppDelegate.h; sourceTree = "<group>"; };
		ED9D7E9A274F84430007A22A /* AppDelegate.m */ = {isa = PBXFileReference; lastKnownFileType = sourcecode.c.objc; path = AppDelegate.m; sourceTree = "<group>"; };
		ED9D7E9C274F84430007A22A /* SceneDelegate.h */ = {isa = PBXFileReference; lastKnownFileType = sourcecode.c.h; path = SceneDelegate.h; sourceTree = "<group>"; };
		ED9D7E9D274F84430007A22A /* SceneDelegate.m */ = {isa = PBXFileReference; lastKnownFileType = sourcecode.c.objc; path = SceneDelegate.m; sourceTree = "<group>"; };
		ED9D7E9F274F84430007A22A /* ViewController.h */ = {isa = PBXFileReference; lastKnownFileType = sourcecode.c.h; path = ViewController.h; sourceTree = "<group>"; };
		ED9D7EA0274F84430007A22A /* ViewController.m */ = {isa = PBXFileReference; lastKnownFileType = sourcecode.c.objc; path = ViewController.m; sourceTree = "<group>"; };
		ED9D7EA3274F84430007A22A /* Base */ = {isa = PBXFileReference; lastKnownFileType = file.storyboard; name = Base; path = Base.lproj/Main.storyboard; sourceTree = "<group>"; };
		ED9D7EA5274F84450007A22A /* Assets.xcassets */ = {isa = PBXFileReference; lastKnownFileType = folder.assetcatalog; path = Assets.xcassets; sourceTree = "<group>"; };
		ED9D7EA8274F84450007A22A /* Base */ = {isa = PBXFileReference; lastKnownFileType = file.storyboard; name = Base; path = Base.lproj/LaunchScreen.storyboard; sourceTree = "<group>"; };
		ED9D7EAA274F84450007A22A /* Info.plist */ = {isa = PBXFileReference; lastKnownFileType = text.plist.xml; path = Info.plist; sourceTree = "<group>"; };
		ED9D7EAB274F84450007A22A /* main.m */ = {isa = PBXFileReference; lastKnownFileType = sourcecode.c.objc; path = main.m; sourceTree = "<group>"; };
		ED9D7EDE274F90310007A22A /* UIColor+HexColor.m */ = {isa = PBXFileReference; fileEncoding = 4; lastKnownFileType = sourcecode.c.objc; path = "UIColor+HexColor.m"; sourceTree = "<group>"; };
		ED9D7EDF274F90310007A22A /* AIRBDMemberModel.m */ = {isa = PBXFileReference; fileEncoding = 4; lastKnownFileType = sourcecode.c.objc; path = AIRBDMemberModel.m; sourceTree = "<group>"; };
		ED9D7EE0274F90310007A22A /* AIRBDItemsViewCell.h */ = {isa = PBXFileReference; fileEncoding = 4; lastKnownFileType = sourcecode.c.h; path = AIRBDItemsViewCell.h; sourceTree = "<group>"; };
		ED9D7EE1274F90310007A22A /* UIViewController+Extension.m */ = {isa = PBXFileReference; fileEncoding = 4; lastKnownFileType = sourcecode.c.objc; path = "UIViewController+Extension.m"; sourceTree = "<group>"; };
		ED9D7EE3274F90310007A22A /* AIRBDCommentModel.h */ = {isa = PBXFileReference; fileEncoding = 4; lastKnownFileType = sourcecode.c.h; path = AIRBDCommentModel.h; sourceTree = "<group>"; };
		ED9D7EE4274F90310007A22A /* AIRBDCommentCell.h */ = {isa = PBXFileReference; fileEncoding = 4; lastKnownFileType = sourcecode.c.h; path = AIRBDCommentCell.h; sourceTree = "<group>"; };
		ED9D7EE5274F90310007A22A /* AIRBDToast.m */ = {isa = PBXFileReference; fileEncoding = 4; lastKnownFileType = sourcecode.c.objc; path = AIRBDToast.m; sourceTree = "<group>"; };
		ED9D7EE6274F90310007A22A /* AIRBDCommentView.h */ = {isa = PBXFileReference; fileEncoding = 4; lastKnownFileType = sourcecode.c.h; path = AIRBDCommentView.h; sourceTree = "<group>"; };
		ED9D7EE7274F90310007A22A /* AIRBDItemsView.h */ = {isa = PBXFileReference; fileEncoding = 4; lastKnownFileType = sourcecode.c.h; path = AIRBDItemsView.h; sourceTree = "<group>"; };
		ED9D7EE8274F90310007A22A /* AIRBDSystemInfoLabel.m */ = {isa = PBXFileReference; fileEncoding = 4; lastKnownFileType = sourcecode.c.objc; path = AIRBDSystemInfoLabel.m; sourceTree = "<group>"; };
		ED9D7EEA274F90310007A22A /* AIRBDToast.h */ = {isa = PBXFileReference; fileEncoding = 4; lastKnownFileType = sourcecode.c.h; path = AIRBDToast.h; sourceTree = "<group>"; };
		ED9D7EEB274F90310007A22A /* AIRBDCommentCell.m */ = {isa = PBXFileReference; fileEncoding = 4; lastKnownFileType = sourcecode.c.objc; path = AIRBDCommentCell.m; sourceTree = "<group>"; };
		ED9D7EEC274F90310007A22A /* AIRBDCommentModel.m */ = {isa = PBXFileReference; fileEncoding = 4; lastKnownFileType = sourcecode.c.objc; path = AIRBDCommentModel.m; sourceTree = "<group>"; };
		ED9D7EEE274F90310007A22A /* UIViewController+Extension.h */ = {isa = PBXFileReference; fileEncoding = 4; lastKnownFileType = sourcecode.c.h; path = "UIViewController+Extension.h"; sourceTree = "<group>"; };
		ED9D7EEF274F90310007A22A /* UIColor+HexColor.h */ = {isa = PBXFileReference; fileEncoding = 4; lastKnownFileType = sourcecode.c.h; path = "UIColor+HexColor.h"; sourceTree = "<group>"; };
		ED9D7EF0274F90310007A22A /* AIRBDMemberModel.h */ = {isa = PBXFileReference; fileEncoding = 4; lastKnownFileType = sourcecode.c.h; path = AIRBDMemberModel.h; sourceTree = "<group>"; };
		ED9D7EF1274F90310007A22A /* AIRBDItemsViewCell.m */ = {isa = PBXFileReference; fileEncoding = 4; lastKnownFileType = sourcecode.c.objc; path = AIRBDItemsViewCell.m; sourceTree = "<group>"; };
		ED9D7EF2274F90310007A22A /* AIRBDSystemInfoLabel.h */ = {isa = PBXFileReference; fileEncoding = 4; lastKnownFileType = sourcecode.c.h; path = AIRBDSystemInfoLabel.h; sourceTree = "<group>"; };
		ED9D7EF3274F90310007A22A /* AIRBDItemsView.m */ = {isa = PBXFileReference; fileEncoding = 4; lastKnownFileType = sourcecode.c.objc; path = AIRBDItemsView.m; sourceTree = "<group>"; };
		ED9D7EF4274F90310007A22A /* AIRBDCommentView.m */ = {isa = PBXFileReference; fileEncoding = 4; lastKnownFileType = sourcecode.c.objc; path = AIRBDCommentView.m; sourceTree = "<group>"; };
		ED9D7F01274F90720007A22A /* AIRBDEnvironments.m */ = {isa = PBXFileReference; fileEncoding = 4; lastKnownFileType = sourcecode.c.objc; path = AIRBDEnvironments.m; sourceTree = "<group>"; };
		ED9D7F02274F90720007A22A /* AIRBDEnvironments.h */ = {isa = PBXFileReference; fileEncoding = 4; lastKnownFileType = sourcecode.c.h; path = AIRBDEnvironments.h; sourceTree = "<group>"; };
		ED9D7F2F274F95410007A22A /* AIRBDetailsButton.h */ = {isa = PBXFileReference; fileEncoding = 4; lastKnownFileType = sourcecode.c.h; path = AIRBDetailsButton.h; sourceTree = "<group>"; };
		ED9D7F30274F95410007A22A /* AIRBDMorePanelView.h */ = {isa = PBXFileReference; fileEncoding = 4; lastKnownFileType = sourcecode.c.h; path = AIRBDMorePanelView.h; sourceTree = "<group>"; };
		ED9D7F31274F95410007A22A /* AIRBDetailsButton.m */ = {isa = PBXFileReference; fileEncoding = 4; lastKnownFileType = sourcecode.c.objc; path = AIRBDetailsButton.m; sourceTree = "<group>"; };
		ED9D7F32274F95410007A22A /* AIRBDMorePanelView.m */ = {isa = PBXFileReference; fileEncoding = 4; lastKnownFileType = sourcecode.c.objc; path = AIRBDMorePanelView.m; sourceTree = "<group>"; };
		EDCFB0BB268C8BAA00205E2D /* libresolv.tbd */ = {isa = PBXFileReference; lastKnownFileType = "sourcecode.text-based-dylib-definition"; name = libresolv.tbd; path = usr/lib/libresolv.tbd; sourceTree = SDKROOT; };
/* End PBXFileReference section */

/* Begin PBXFrameworksBuildPhase section */
		ED9D7E94274F84430007A22A /* Frameworks */ = {
			isa = PBXFrameworksBuildPhase;
			buildActionMask = 2147483647;
			files = (
				D59CB51419D1C6674E6C9A11 /* libPods-NormalLiveRoomForAnchor.a in Frameworks */,
			);
			runOnlyForDeploymentPostprocessing = 0;
		};
/* End PBXFrameworksBuildPhase section */

/* Begin PBXGroup section */
		091FA4E63F179B015FFD799B /* Pods */ = {
			isa = PBXGroup;
			children = (
				77A9829BFD9323AC7D9B2AE1 /* Pods-NormalLiveRoomForAnchor.debug.xcconfig */,
				E27183EE18E231961B8ECB5E /* Pods-NormalLiveRoomForAnchor.release.xcconfig */,
			);
			path = Pods;
			sourceTree = "<group>";
		};
		ED9D7E98274F84430007A22A /* NormalLiveRoomForAnchor */ = {
			isa = PBXGroup;
			children = (
				ED8AE5D227BB4EC000F715A5 /* AIRBDLoginViewController.h */,
				ED8AE5D127BB4EC000F715A5 /* AIRBDLoginViewController.m */,
				ED0461BB2754E83100516B23 /* AIRBDRoomInfoModel.h */,
				ED0461BC2754E83100516B23 /* AIRBDRoomInfoModel.m */,
				ED0461B82754E6AE00516B23 /* AIRBDAnchorViewController.h */,
				ED0461B92754E6AE00516B23 /* AIRBDAnchorViewController.m */,
				ED0461B62754E65600516B23 /* AIRBDSetRoomViewController.h */,
				ED0461B52754E65600516B23 /* AIRBDSetRoomViewController.m */,
				ED9D7F2F274F95410007A22A /* AIRBDetailsButton.h */,
				ED9D7F31274F95410007A22A /* AIRBDetailsButton.m */,
				ED9D7F30274F95410007A22A /* AIRBDMorePanelView.h */,
				ED9D7F32274F95410007A22A /* AIRBDMorePanelView.m */,
				ED9D7F02274F90720007A22A /* AIRBDEnvironments.h */,
				ED9D7F01274F90720007A22A /* AIRBDEnvironments.m */,
				ED9D7EDC274F90310007A22A /* UITools */,
				ED9D7E99274F84430007A22A /* AppDelegate.h */,
				ED9D7E9A274F84430007A22A /* AppDelegate.m */,
				ED9D7E9C274F84430007A22A /* SceneDelegate.h */,
				ED9D7E9D274F84430007A22A /* SceneDelegate.m */,
				ED9D7E9F274F84430007A22A /* ViewController.h */,
				ED9D7EA0274F84430007A22A /* ViewController.m */,
				ED9D7EA2274F84430007A22A /* Main.storyboard */,
				ED9D7EA5274F84450007A22A /* Assets.xcassets */,
				ED9D7EA7274F84450007A22A /* LaunchScreen.storyboard */,
				ED9D7EAA274F84450007A22A /* Info.plist */,
				ED9D7EAB274F84450007A22A /* main.m */,
			);
			path = NormalLiveRoomForAnchor;
			sourceTree = "<group>";
		};
		ED9D7EDC274F90310007A22A /* UITools */ = {
			isa = PBXGroup;
			children = (
				ED9D7EDE274F90310007A22A /* UIColor+HexColor.m */,
				ED9D7EDF274F90310007A22A /* AIRBDMemberModel.m */,
				ED9D7EE0274F90310007A22A /* AIRBDItemsViewCell.h */,
				ED9D7EE1274F90310007A22A /* UIViewController+Extension.m */,
				ED9D7EE3274F90310007A22A /* AIRBDCommentModel.h */,
				ED9D7EE4274F90310007A22A /* AIRBDCommentCell.h */,
				ED9D7EE5274F90310007A22A /* AIRBDToast.m */,
				ED9D7EE6274F90310007A22A /* AIRBDCommentView.h */,
				ED9D7EE7274F90310007A22A /* AIRBDItemsView.h */,
				ED9D7EE8274F90310007A22A /* AIRBDSystemInfoLabel.m */,
				ED9D7EEA274F90310007A22A /* AIRBDToast.h */,
				ED9D7EEB274F90310007A22A /* AIRBDCommentCell.m */,
				ED9D7EEC274F90310007A22A /* AIRBDCommentModel.m */,
				ED9D7EEE274F90310007A22A /* UIViewController+Extension.h */,
				ED9D7EEF274F90310007A22A /* UIColor+HexColor.h */,
				ED9D7EF0274F90310007A22A /* AIRBDMemberModel.h */,
				ED9D7EF1274F90310007A22A /* AIRBDItemsViewCell.m */,
				ED9D7EF2274F90310007A22A /* AIRBDSystemInfoLabel.h */,
				ED9D7EF3274F90310007A22A /* AIRBDItemsView.m */,
				ED9D7EF4274F90310007A22A /* AIRBDCommentView.m */,
			);
			path = UITools;
			sourceTree = "<group>";
		};
		EDD116382653B66600B69881 = {
			isa = PBXGroup;
			children = (
				ED9D7E98274F84430007A22A /* NormalLiveRoomForAnchor */,
				EDD116422653B66600B69881 /* Products */,
				EDD116862653B70F00B69881 /* Frameworks */,
				091FA4E63F179B015FFD799B /* Pods */,
			);
			sourceTree = "<group>";
		};
		EDD116422653B66600B69881 /* Products */ = {
			isa = PBXGroup;
			children = (
				ED9D7E97274F84430007A22A /* NormalLiveRoomForAnchor.app */,
			);
			name = Products;
			sourceTree = "<group>";
		};
		EDD116862653B70F00B69881 /* Frameworks */ = {
			isa = PBXGroup;
			children = (
				EDCFB0BB268C8BAA00205E2D /* libresolv.tbd */,
				074864E205E738A9136B5F45 /* libPods-NormalLiveRoomForAnchor.a */,
			);
			name = Frameworks;
			sourceTree = "<group>";
		};
/* End PBXGroup section */

/* Begin PBXNativeTarget section */
		ED9D7E96274F84430007A22A /* NormalLiveRoomForAnchor */ = {
			isa = PBXNativeTarget;
			buildConfigurationList = ED9D7EAD274F84450007A22A /* Build configuration list for PBXNativeTarget "NormalLiveRoomForAnchor" */;
			buildPhases = (
				4DDE4C4DB9CB56FCDA5D76B8 /* [CP] Check Pods Manifest.lock */,
				ED9D7E93274F84430007A22A /* Sources */,
				ED9D7E94274F84430007A22A /* Frameworks */,
				ED9D7E95274F84430007A22A /* Resources */,
				F94541102C05EAA90ACA646D /* [CP] Embed Pods Frameworks */,
			);
			buildRules = (
			);
			dependencies = (
			);
			name = NormalLiveRoomForAnchor;
			productName = NormalLiveRoomForAnchor;
			productReference = ED9D7E97274F84430007A22A /* NormalLiveRoomForAnchor.app */;
			productType = "com.apple.product-type.application";
		};
/* End PBXNativeTarget section */

/* Begin PBXProject section */
		EDD116392653B66600B69881 /* Project object */ = {
			isa = PBXProject;
			attributes = {
				LastUpgradeCheck = 1220;
				TargetAttributes = {
					ED9D7E96274F84430007A22A = {
						CreatedOnToolsVersion = 12.5.1;
					};
				};
			};
			buildConfigurationList = EDD1163C2653B66600B69881 /* Build configuration list for PBXProject "AliInteractiveRoomDemo" */;
			compatibilityVersion = "Xcode 9.3";
			developmentRegion = en;
			hasScannedForEncodings = 0;
			knownRegions = (
				en,
				Base,
			);
			mainGroup = EDD116382653B66600B69881;
			productRefGroup = EDD116422653B66600B69881 /* Products */;
			projectDirPath = "";
			projectRoot = "";
			targets = (
				ED9D7E96274F84430007A22A /* NormalLiveRoomForAnchor */,
			);
		};
/* End PBXProject section */

/* Begin PBXResourcesBuildPhase section */
		ED9D7E95274F84430007A22A /* Resources */ = {
			isa = PBXResourcesBuildPhase;
			buildActionMask = 2147483647;
			files = (
				ED9D7EA9274F84450007A22A /* LaunchScreen.storyboard in Resources */,
				ED9D7EA6274F84450007A22A /* Assets.xcassets in Resources */,
				ED9D7EA4274F84430007A22A /* Main.storyboard in Resources */,
			);
			runOnlyForDeploymentPostprocessing = 0;
		};
/* End PBXResourcesBuildPhase section */

/* Begin PBXShellScriptBuildPhase section */
		4DDE4C4DB9CB56FCDA5D76B8 /* [CP] Check Pods Manifest.lock */ = {
			isa = PBXShellScriptBuildPhase;
			buildActionMask = 2147483647;
			files = (
			);
			inputFileListPaths = (
			);
			inputPaths = (
				"${PODS_PODFILE_DIR_PATH}/Podfile.lock",
				"${PODS_ROOT}/Manifest.lock",
			);
			name = "[CP] Check Pods Manifest.lock";
			outputFileListPaths = (
			);
			outputPaths = (
				"$(DERIVED_FILE_DIR)/Pods-NormalLiveRoomForAnchor-checkManifestLockResult.txt",
			);
			runOnlyForDeploymentPostprocessing = 0;
			shellPath = /bin/sh;
			shellScript = "diff \"${PODS_PODFILE_DIR_PATH}/Podfile.lock\" \"${PODS_ROOT}/Manifest.lock\" > /dev/null\nif [ $? != 0 ] ; then\n    # print error to STDERR\n    echo \"error: The sandbox is not in sync with the Podfile.lock. Run 'pod install' or update your CocoaPods installation.\" >&2\n    exit 1\nfi\n# This output is used by Xcode 'outputs' to avoid re-running this script phase.\necho \"SUCCESS\" > \"${SCRIPT_OUTPUT_FILE_0}\"\n";
			showEnvVarsInLog = 0;
		};
		F94541102C05EAA90ACA646D /* [CP] Embed Pods Frameworks */ = {
			isa = PBXShellScriptBuildPhase;
			buildActionMask = 2147483647;
			files = (
			);
			inputFileListPaths = (
				"${PODS_ROOT}/Target Support Files/Pods-NormalLiveRoomForAnchor/Pods-NormalLiveRoomForAnchor-frameworks-${CONFIGURATION}-input-files.xcfilelist",
			);
			name = "[CP] Embed Pods Frameworks";
			outputFileListPaths = (
				"${PODS_ROOT}/Target Support Files/Pods-NormalLiveRoomForAnchor/Pods-NormalLiveRoomForAnchor-frameworks-${CONFIGURATION}-output-files.xcfilelist",
			);
			runOnlyForDeploymentPostprocessing = 0;
			shellPath = /bin/sh;
			shellScript = "\"${PODS_ROOT}/Target Support Files/Pods-NormalLiveRoomForAnchor/Pods-NormalLiveRoomForAnchor-frameworks.sh\"\n";
			showEnvVarsInLog = 0;
		};
/* End PBXShellScriptBuildPhase section */

/* Begin PBXSourcesBuildPhase section */
		ED9D7E93274F84430007A22A /* Sources */ = {
			isa = PBXSourcesBuildPhase;
			buildActionMask = 2147483647;
			files = (
				ED9D7EF9274F90310007A22A /* AIRBDToast.m in Sources */,
				ED0461BD2754E83100516B23 /* AIRBDRoomInfoModel.m in Sources */,
				ED9D7EFC274F90310007A22A /* AIRBDCommentCell.m in Sources */,
				ED9D7EA1274F84430007A22A /* ViewController.m in Sources */,
				ED9D7F33274F95410007A22A /* AIRBDetailsButton.m in Sources */,
				ED9D7EF6274F90310007A22A /* AIRBDMemberModel.m in Sources */,
				ED9D7F34274F95410007A22A /* AIRBDMorePanelView.m in Sources */,
				ED0461BA2754E6AE00516B23 /* AIRBDAnchorViewController.m in Sources */,
				ED9D7EFD274F90310007A22A /* AIRBDCommentModel.m in Sources */,
				ED9D7EF5274F90310007A22A /* UIColor+HexColor.m in Sources */,
				ED9D7E9B274F84430007A22A /* AppDelegate.m in Sources */,
				ED9D7EFF274F90310007A22A /* AIRBDItemsView.m in Sources */,
				ED9D7EAC274F84450007A22A /* main.m in Sources */,
				ED9D7F03274F90720007A22A /* AIRBDEnvironments.m in Sources */,
				ED0461B72754E65600516B23 /* AIRBDSetRoomViewController.m in Sources */,
				ED9D7F00274F90310007A22A /* AIRBDCommentView.m in Sources */,
				ED9D7E9E274F84430007A22A /* SceneDelegate.m in Sources */,
				ED9D7EFE274F90310007A22A /* AIRBDItemsViewCell.m in Sources */,
				ED8AE5D327BB4EC000F715A5 /* AIRBDLoginViewController.m in Sources */,
				ED9D7EFA274F90310007A22A /* AIRBDSystemInfoLabel.m in Sources */,
				ED9D7EF7274F90310007A22A /* UIViewController+Extension.m in Sources */,
			);
			runOnlyForDeploymentPostprocessing = 0;
		};
/* End PBXSourcesBuildPhase section */

/* Begin PBXVariantGroup section */
		ED9D7EA2274F84430007A22A /* Main.storyboard */ = {
			isa = PBXVariantGroup;
			children = (
				ED9D7EA3274F84430007A22A /* Base */,
			);
			name = Main.storyboard;
			sourceTree = "<group>";
		};
		ED9D7EA7274F84450007A22A /* LaunchScreen.storyboard */ = {
			isa = PBXVariantGroup;
			children = (
				ED9D7EA8274F84450007A22A /* Base */,
			);
			name = LaunchScreen.storyboard;
			sourceTree = "<group>";
		};
/* End PBXVariantGroup section */

/* Begin XCBuildConfiguration section */
		ED9D7EAE274F84450007A22A /* Debug */ = {
			isa = XCBuildConfiguration;
			baseConfigurationReference = 77A9829BFD9323AC7D9B2AE1 /* Pods-NormalLiveRoomForAnchor.debug.xcconfig */;
			buildSettings = {
				ASSETCATALOG_COMPILER_APPICON_NAME = AppIcon;
				ASSETCATALOG_COMPILER_GLOBAL_ACCENT_COLOR_NAME = AccentColor;
				CODE_SIGN_STYLE = Automatic;
				DEVELOPMENT_TEAM = 3QR448XZXA;
				ENABLE_BITCODE = NO;
				INFOPLIST_FILE = NormalLiveRoomForAnchor/Info.plist;
				IPHONEOS_DEPLOYMENT_TARGET = 13.0;
				LD_RUNPATH_SEARCH_PATHS = (
					"$(inherited)",
					"@executable_path/Frameworks",
				);
				PRODUCT_BUNDLE_IDENTIFIER = AliInteractiveRoomDemoess;
				PRODUCT_NAME = "$(TARGET_NAME)";
				TARGETED_DEVICE_FAMILY = "1,2";
			};
			name = Debug;
		};
		ED9D7EAF274F84450007A22A /* Release */ = {
			isa = XCBuildConfiguration;
			baseConfigurationReference = E27183EE18E231961B8ECB5E /* Pods-NormalLiveRoomForAnchor.release.xcconfig */;
			buildSettings = {
				ASSETCATALOG_COMPILER_APPICON_NAME = AppIcon;
				ASSETCATALOG_COMPILER_GLOBAL_ACCENT_COLOR_NAME = AccentColor;
				CODE_SIGN_STYLE = Automatic;
				DEVELOPMENT_TEAM = 3QR448XZXA;
				ENABLE_BITCODE = NO;
				INFOPLIST_FILE = NormalLiveRoomForAnchor/Info.plist;
				IPHONEOS_DEPLOYMENT_TARGET = 13.0;
				LD_RUNPATH_SEARCH_PATHS = (
					"$(inherited)",
					"@executable_path/Frameworks",
				);
				PRODUCT_BUNDLE_IDENTIFIER = AliInteractiveRoomDemoess;
				PRODUCT_NAME = "$(TARGET_NAME)";
				TARGETED_DEVICE_FAMILY = "1,2";
			};
			name = Release;
		};
		EDD1166E2653B66700B69881 /* Debug */ = {
			isa = XCBuildConfiguration;
			buildSettings = {
				ALWAYS_SEARCH_USER_PATHS = NO;
				CLANG_ANALYZER_NONNULL = YES;
				CLANG_ANALYZER_NUMBER_OBJECT_CONVERSION = YES_AGGRESSIVE;
				CLANG_CXX_LANGUAGE_STANDARD = "gnu++14";
				CLANG_CXX_LIBRARY = "libc++";
				CLANG_ENABLE_MODULES = YES;
				CLANG_ENABLE_OBJC_ARC = YES;
				CLANG_ENABLE_OBJC_WEAK = YES;
				CLANG_WARN_BLOCK_CAPTURE_AUTORELEASING = YES;
				CLANG_WARN_BOOL_CONVERSION = YES;
				CLANG_WARN_COMMA = YES;
				CLANG_WARN_CONSTANT_CONVERSION = YES;
				CLANG_WARN_DEPRECATED_OBJC_IMPLEMENTATIONS = YES;
				CLANG_WARN_DIRECT_OBJC_ISA_USAGE = YES_ERROR;
				CLANG_WARN_DOCUMENTATION_COMMENTS = YES;
				CLANG_WARN_EMPTY_BODY = YES;
				CLANG_WARN_ENUM_CONVERSION = YES;
				CLANG_WARN_INFINITE_RECURSION = YES;
				CLANG_WARN_INT_CONVERSION = YES;
				CLANG_WARN_NON_LITERAL_NULL_CONVERSION = YES;
				CLANG_WARN_OBJC_IMPLICIT_RETAIN_SELF = YES;
				CLANG_WARN_OBJC_LITERAL_CONVERSION = YES;
				CLANG_WARN_OBJC_ROOT_CLASS = YES_ERROR;
				CLANG_WARN_QUOTED_INCLUDE_IN_FRAMEWORK_HEADER = YES;
				CLANG_WARN_RANGE_LOOP_ANALYSIS = YES;
				CLANG_WARN_STRICT_PROTOTYPES = YES;
				CLANG_WARN_SUSPICIOUS_MOVE = YES;
				CLANG_WARN_UNGUARDED_AVAILABILITY = YES_AGGRESSIVE;
				CLANG_WARN_UNREACHABLE_CODE = YES;
				CLANG_WARN__DUPLICATE_METHOD_MATCH = YES;
				COPY_PHASE_STRIP = NO;
				DEBUG_INFORMATION_FORMAT = dwarf;
				ENABLE_STRICT_OBJC_MSGSEND = YES;
				ENABLE_TESTABILITY = YES;
				GCC_C_LANGUAGE_STANDARD = gnu11;
				GCC_DYNAMIC_NO_PIC = NO;
				GCC_NO_COMMON_BLOCKS = YES;
				GCC_OPTIMIZATION_LEVEL = 0;
				GCC_PREPROCESSOR_DEFINITIONS = (
					"DEBUG=1",
					"$(inherited)",
				);
				GCC_WARN_64_TO_32_BIT_CONVERSION = YES;
				GCC_WARN_ABOUT_RETURN_TYPE = YES_ERROR;
				GCC_WARN_UNDECLARED_SELECTOR = YES;
				GCC_WARN_UNINITIALIZED_AUTOS = YES_AGGRESSIVE;
				GCC_WARN_UNUSED_FUNCTION = YES;
				GCC_WARN_UNUSED_VARIABLE = YES;
				IPHONEOS_DEPLOYMENT_TARGET = 10.0;
				MTL_ENABLE_DEBUG_INFO = INCLUDE_SOURCE;
				MTL_FAST_MATH = YES;
				ONLY_ACTIVE_ARCH = YES;
				SDKROOT = iphoneos;
			};
			name = Debug;
		};
		EDD1166F2653B66700B69881 /* Release */ = {
			isa = XCBuildConfiguration;
			buildSettings = {
				ALWAYS_SEARCH_USER_PATHS = NO;
				CLANG_ANALYZER_NONNULL = YES;
				CLANG_ANALYZER_NUMBER_OBJECT_CONVERSION = YES_AGGRESSIVE;
				CLANG_CXX_LANGUAGE_STANDARD = "gnu++14";
				CLANG_CXX_LIBRARY = "libc++";
				CLANG_ENABLE_MODULES = YES;
				CLANG_ENABLE_OBJC_ARC = YES;
				CLANG_ENABLE_OBJC_WEAK = YES;
				CLANG_WARN_BLOCK_CAPTURE_AUTORELEASING = YES;
				CLANG_WARN_BOOL_CONVERSION = YES;
				CLANG_WARN_COMMA = YES;
				CLANG_WARN_CONSTANT_CONVERSION = YES;
				CLANG_WARN_DEPRECATED_OBJC_IMPLEMENTATIONS = YES;
				CLANG_WARN_DIRECT_OBJC_ISA_USAGE = YES_ERROR;
				CLANG_WARN_DOCUMENTATION_COMMENTS = YES;
				CLANG_WARN_EMPTY_BODY = YES;
				CLANG_WARN_ENUM_CONVERSION = YES;
				CLANG_WARN_INFINITE_RECURSION = YES;
				CLANG_WARN_INT_CONVERSION = YES;
				CLANG_WARN_NON_LITERAL_NULL_CONVERSION = YES;
				CLANG_WARN_OBJC_IMPLICIT_RETAIN_SELF = YES;
				CLANG_WARN_OBJC_LITERAL_CONVERSION = YES;
				CLANG_WARN_OBJC_ROOT_CLASS = YES_ERROR;
				CLANG_WARN_QUOTED_INCLUDE_IN_FRAMEWORK_HEADER = YES;
				CLANG_WARN_RANGE_LOOP_ANALYSIS = YES;
				CLANG_WARN_STRICT_PROTOTYPES = YES;
				CLANG_WARN_SUSPICIOUS_MOVE = YES;
				CLANG_WARN_UNGUARDED_AVAILABILITY = YES_AGGRESSIVE;
				CLANG_WARN_UNREACHABLE_CODE = YES;
				CLANG_WARN__DUPLICATE_METHOD_MATCH = YES;
				COPY_PHASE_STRIP = NO;
				DEBUG_INFORMATION_FORMAT = "dwarf-with-dsym";
				ENABLE_NS_ASSERTIONS = NO;
				ENABLE_STRICT_OBJC_MSGSEND = YES;
				GCC_C_LANGUAGE_STANDARD = gnu11;
				GCC_NO_COMMON_BLOCKS = YES;
				GCC_WARN_64_TO_32_BIT_CONVERSION = YES;
				GCC_WARN_ABOUT_RETURN_TYPE = YES_ERROR;
				GCC_WARN_UNDECLARED_SELECTOR = YES;
				GCC_WARN_UNINITIALIZED_AUTOS = YES_AGGRESSIVE;
				GCC_WARN_UNUSED_FUNCTION = YES;
				GCC_WARN_UNUSED_VARIABLE = YES;
				IPHONEOS_DEPLOYMENT_TARGET = 10.0;
				MTL_ENABLE_DEBUG_INFO = NO;
				MTL_FAST_MATH = YES;
				SDKROOT = iphoneos;
				VALIDATE_PRODUCT = YES;
			};
			name = Release;
		};
/* End XCBuildConfiguration section */

/* Begin XCConfigurationList section */
		ED9D7EAD274F84450007A22A /* Build configuration list for PBXNativeTarget "NormalLiveRoomForAnchor" */ = {
			isa = XCConfigurationList;
			buildConfigurations = (
				ED9D7EAE274F84450007A22A /* Debug */,
				ED9D7EAF274F84450007A22A /* Release */,
			);
			defaultConfigurationIsVisible = 0;
			defaultConfigurationName = Release;
		};
		EDD1163C2653B66600B69881 /* Build configuration list for PBXProject "AliInteractiveRoomDemo" */ = {
			isa = XCConfigurationList;
			buildConfigurations = (
				EDD1166E2653B66700B69881 /* Debug */,
				EDD1166F2653B66700B69881 /* Release */,
			);
			defaultConfigurationIsVisible = 0;
			defaultConfigurationName = Release;
		};
/* End XCConfigurationList section */
	};
	rootObject = EDD116392653B66600B69881 /* Project object */;
}
