// !$*UTF8*$!
{
	archiveVersion = 1;
	classes = {
	};
	objectVersion = 51;
	objects = {

/* Begin PBXBuildFile section */
		6061C1118A6CD9C9491D3614 /* libPods-StandardLiveRoomForAnchor.a in Frameworks */ = {isa = PBXBuildFile; fileRef = 69367096B885C2CFDF20CD1F /* libPods-StandardLiveRoomForAnchor.a */; };
		7DF87044281BD3FF00C23929 /* AIRBDLinkMicCollectionViewCell.m in Sources */ = {isa = PBXBuildFile; fileRef = 7DF87042281BD3FF00C23929 /* AIRBDLinkMicCollectionViewCell.m */; };
		7DF87045281BD3FF00C23929 /* AIRBDLinkMicCollectionViewHolder.m in Sources */ = {isa = PBXBuildFile; fileRef = 7DF87043281BD3FF00C23929 /* AIRBDLinkMicCollectionViewHolder.m */; };
		ED9D7E61274F84060007A22A /* AppDelegate.m in Sources */ = {isa = PBXBuildFile; fileRef = ED9D7E60274F84060007A22A /* AppDelegate.m */; };
		ED9D7E64274F84060007A22A /* SceneDelegate.m in Sources */ = {isa = PBXBuildFile; fileRef = ED9D7E63274F84060007A22A /* SceneDelegate.m */; };
		ED9D7E67274F84060007A22A /* ViewController.m in Sources */ = {isa = PBXBuildFile; fileRef = ED9D7E66274F84060007A22A /* ViewController.m */; };
		ED9D7E6A274F84060007A22A /* Main.storyboard in Resources */ = {isa = PBXBuildFile; fileRef = ED9D7E68274F84060007A22A /* Main.storyboard */; };
		ED9D7E6C274F84090007A22A /* Assets.xcassets in Resources */ = {isa = PBXBuildFile; fileRef = ED9D7E6B274F84090007A22A /* Assets.xcassets */; };
		ED9D7E6F274F84090007A22A /* LaunchScreen.storyboard in Resources */ = {isa = PBXBuildFile; fileRef = ED9D7E6D274F84090007A22A /* LaunchScreen.storyboard */; };
		ED9D7E72274F840A0007A22A /* main.m in Sources */ = {isa = PBXBuildFile; fileRef = ED9D7E71274F840A0007A22A /* main.m */; };
		ED9D7F6E275073D70007A22A /* AIRBDLiveRoomViewController.m in Sources */ = {isa = PBXBuildFile; fileRef = ED9D7F66275073D70007A22A /* AIRBDLiveRoomViewController.m */; };
		ED9D7F6F275073D70007A22A /* AIRBDShareViewController.m in Sources */ = {isa = PBXBuildFile; fileRef = ED9D7F67275073D70007A22A /* AIRBDShareViewController.m */; };
		ED9D7F70275073D70007A22A /* AIRBDAbilityDemonstrationViewController.m in Sources */ = {isa = PBXBuildFile; fileRef = ED9D7F68275073D70007A22A /* AIRBDAbilityDemonstrationViewController.m */; };
		ED9D7F71275073D70007A22A /* AIRBDShopWindowViewController.m in Sources */ = {isa = PBXBuildFile; fileRef = ED9D7F69275073D70007A22A /* AIRBDShopWindowViewController.m */; };
		ED9D7F77275075700007A22A /* UIColor+HexColor.m in Sources */ = {isa = PBXBuildFile; fileRef = ED9D7F76275075700007A22A /* UIColor+HexColor.m */; };
		ED9D7F7A2750757B0007A22A /* AIRBDToast.m in Sources */ = {isa = PBXBuildFile; fileRef = ED9D7F792750757B0007A22A /* AIRBDToast.m */; };
		ED9D7F7D275075CB0007A22A /* AIRBDEnvironments.m in Sources */ = {isa = PBXBuildFile; fileRef = ED9D7F7C275075CA0007A22A /* AIRBDEnvironments.m */; };
/* End PBXBuildFile section */

/* Begin PBXFileReference section */
		3831EDE44F400811FC5C3E8A /* Pods-StandardLiveRoomForAnchor.release.xcconfig */ = {isa = PBXFileReference; includeInIndex = 1; lastKnownFileType = text.xcconfig; name = "Pods-StandardLiveRoomForAnchor.release.xcconfig"; path = "Target Support Files/Pods-StandardLiveRoomForAnchor/Pods-StandardLiveRoomForAnchor.release.xcconfig"; sourceTree = "<group>"; };
		69367096B885C2CFDF20CD1F /* libPods-StandardLiveRoomForAnchor.a */ = {isa = PBXFileReference; explicitFileType = archive.ar; includeInIndex = 0; path = "libPods-StandardLiveRoomForAnchor.a"; sourceTree = BUILT_PRODUCTS_DIR; };
		6E1CC726C05F4DF4104D32A9 /* Pods-StandardLiveRoomForAnchor.debug.xcconfig */ = {isa = PBXFileReference; includeInIndex = 1; lastKnownFileType = text.xcconfig; name = "Pods-StandardLiveRoomForAnchor.debug.xcconfig"; path = "Target Support Files/Pods-StandardLiveRoomForAnchor/Pods-StandardLiveRoomForAnchor.debug.xcconfig"; sourceTree = "<group>"; };
		7DF87040281BD3FF00C23929 /* AIRBDLinkMicCollectionViewHolder.h */ = {isa = PBXFileReference; fileEncoding = 4; lastKnownFileType = sourcecode.c.h; path = AIRBDLinkMicCollectionViewHolder.h; sourceTree = "<group>"; };
		7DF87041281BD3FF00C23929 /* AIRBDLinkMicCollectionViewCell.h */ = {isa = PBXFileReference; fileEncoding = 4; lastKnownFileType = sourcecode.c.h; path = AIRBDLinkMicCollectionViewCell.h; sourceTree = "<group>"; };
		7DF87042281BD3FF00C23929 /* AIRBDLinkMicCollectionViewCell.m */ = {isa = PBXFileReference; fileEncoding = 4; lastKnownFileType = sourcecode.c.objc; path = AIRBDLinkMicCollectionViewCell.m; sourceTree = "<group>"; };
		7DF87043281BD3FF00C23929 /* AIRBDLinkMicCollectionViewHolder.m */ = {isa = PBXFileReference; fileEncoding = 4; lastKnownFileType = sourcecode.c.objc; path = AIRBDLinkMicCollectionViewHolder.m; sourceTree = "<group>"; };
		ED9D7E5D274F84060007A22A /* StandardLiveRoomForAnchor.app */ = {isa = PBXFileReference; explicitFileType = wrapper.application; includeInIndex = 0; path = StandardLiveRoomForAnchor.app; sourceTree = BUILT_PRODUCTS_DIR; };
		ED9D7E5F274F84060007A22A /* AppDelegate.h */ = {isa = PBXFileReference; lastKnownFileType = sourcecode.c.h; path = AppDelegate.h; sourceTree = "<group>"; };
		ED9D7E60274F84060007A22A /* AppDelegate.m */ = {isa = PBXFileReference; lastKnownFileType = sourcecode.c.objc; path = AppDelegate.m; sourceTree = "<group>"; };
		ED9D7E62274F84060007A22A /* SceneDelegate.h */ = {isa = PBXFileReference; lastKnownFileType = sourcecode.c.h; path = SceneDelegate.h; sourceTree = "<group>"; };
		ED9D7E63274F84060007A22A /* SceneDelegate.m */ = {isa = PBXFileReference; lastKnownFileType = sourcecode.c.objc; path = SceneDelegate.m; sourceTree = "<group>"; };
		ED9D7E65274F84060007A22A /* ViewController.h */ = {isa = PBXFileReference; lastKnownFileType = sourcecode.c.h; path = ViewController.h; sourceTree = "<group>"; };
		ED9D7E66274F84060007A22A /* ViewController.m */ = {isa = PBXFileReference; lastKnownFileType = sourcecode.c.objc; path = ViewController.m; sourceTree = "<group>"; };
		ED9D7E69274F84060007A22A /* Base */ = {isa = PBXFileReference; lastKnownFileType = file.storyboard; name = Base; path = Base.lproj/Main.storyboard; sourceTree = "<group>"; };
		ED9D7E6B274F84090007A22A /* Assets.xcassets */ = {isa = PBXFileReference; lastKnownFileType = folder.assetcatalog; path = Assets.xcassets; sourceTree = "<group>"; };
		ED9D7E6E274F84090007A22A /* Base */ = {isa = PBXFileReference; lastKnownFileType = file.storyboard; name = Base; path = Base.lproj/LaunchScreen.storyboard; sourceTree = "<group>"; };
		ED9D7E70274F840A0007A22A /* Info.plist */ = {isa = PBXFileReference; lastKnownFileType = text.plist.xml; path = Info.plist; sourceTree = "<group>"; };
		ED9D7E71274F840A0007A22A /* main.m */ = {isa = PBXFileReference; lastKnownFileType = sourcecode.c.objc; path = main.m; sourceTree = "<group>"; };
		ED9D7F66275073D70007A22A /* AIRBDLiveRoomViewController.m */ = {isa = PBXFileReference; fileEncoding = 4; lastKnownFileType = sourcecode.c.objc; path = AIRBDLiveRoomViewController.m; sourceTree = "<group>"; };
		ED9D7F67275073D70007A22A /* AIRBDShareViewController.m */ = {isa = PBXFileReference; fileEncoding = 4; lastKnownFileType = sourcecode.c.objc; path = AIRBDShareViewController.m; sourceTree = "<group>"; };
		ED9D7F68275073D70007A22A /* AIRBDAbilityDemonstrationViewController.m */ = {isa = PBXFileReference; fileEncoding = 4; lastKnownFileType = sourcecode.c.objc; path = AIRBDAbilityDemonstrationViewController.m; sourceTree = "<group>"; };
		ED9D7F69275073D70007A22A /* AIRBDShopWindowViewController.m */ = {isa = PBXFileReference; fileEncoding = 4; lastKnownFileType = sourcecode.c.objc; path = AIRBDShopWindowViewController.m; sourceTree = "<group>"; };
		ED9D7F6A275073D70007A22A /* AIRBDAbilityDemonstrationViewController.h */ = {isa = PBXFileReference; fileEncoding = 4; lastKnownFileType = sourcecode.c.h; path = AIRBDAbilityDemonstrationViewController.h; sourceTree = "<group>"; };
		ED9D7F6B275073D70007A22A /* AIRBDShopWindowViewController.h */ = {isa = PBXFileReference; fileEncoding = 4; lastKnownFileType = sourcecode.c.h; path = AIRBDShopWindowViewController.h; sourceTree = "<group>"; };
		ED9D7F6C275073D70007A22A /* AIRBDLiveRoomViewController.h */ = {isa = PBXFileReference; fileEncoding = 4; lastKnownFileType = sourcecode.c.h; path = AIRBDLiveRoomViewController.h; sourceTree = "<group>"; };
		ED9D7F6D275073D70007A22A /* AIRBDShareViewController.h */ = {isa = PBXFileReference; fileEncoding = 4; lastKnownFileType = sourcecode.c.h; path = AIRBDShareViewController.h; sourceTree = "<group>"; };
		ED9D7F75275075700007A22A /* UIColor+HexColor.h */ = {isa = PBXFileReference; fileEncoding = 4; lastKnownFileType = sourcecode.c.h; path = "UIColor+HexColor.h"; sourceTree = "<group>"; };
		ED9D7F76275075700007A22A /* UIColor+HexColor.m */ = {isa = PBXFileReference; fileEncoding = 4; lastKnownFileType = sourcecode.c.objc; path = "UIColor+HexColor.m"; sourceTree = "<group>"; };
		ED9D7F782750757B0007A22A /* AIRBDToast.h */ = {isa = PBXFileReference; fileEncoding = 4; lastKnownFileType = sourcecode.c.h; path = AIRBDToast.h; sourceTree = "<group>"; };
		ED9D7F792750757B0007A22A /* AIRBDToast.m */ = {isa = PBXFileReference; fileEncoding = 4; lastKnownFileType = sourcecode.c.objc; path = AIRBDToast.m; sourceTree = "<group>"; };
		ED9D7F7B275075CA0007A22A /* AIRBDEnvironments.h */ = {isa = PBXFileReference; fileEncoding = 4; lastKnownFileType = sourcecode.c.h; path = AIRBDEnvironments.h; sourceTree = "<group>"; };
		ED9D7F7C275075CA0007A22A /* AIRBDEnvironments.m */ = {isa = PBXFileReference; fileEncoding = 4; lastKnownFileType = sourcecode.c.objc; path = AIRBDEnvironments.m; sourceTree = "<group>"; };
		EDCFB0BB268C8BAA00205E2D /* libresolv.tbd */ = {isa = PBXFileReference; lastKnownFileType = "sourcecode.text-based-dylib-definition"; name = libresolv.tbd; path = usr/lib/libresolv.tbd; sourceTree = SDKROOT; };
/* End PBXFileReference section */

/* Begin PBXFrameworksBuildPhase section */
		ED9D7E5A274F84060007A22A /* Frameworks */ = {
			isa = PBXFrameworksBuildPhase;
			buildActionMask = 2147483647;
			files = (
				6061C1118A6CD9C9491D3614 /* libPods-StandardLiveRoomForAnchor.a in Frameworks */,
			);
			runOnlyForDeploymentPostprocessing = 0;
		};
/* End PBXFrameworksBuildPhase section */

/* Begin PBXGroup section */
		091FA4E63F179B015FFD799B /* Pods */ = {
			isa = PBXGroup;
			children = (
				6E1CC726C05F4DF4104D32A9 /* Pods-StandardLiveRoomForAnchor.debug.xcconfig */,
				3831EDE44F400811FC5C3E8A /* Pods-StandardLiveRoomForAnchor.release.xcconfig */,
			);
			path = Pods;
			sourceTree = "<group>";
		};
		ED9D7E5E274F84060007A22A /* StandardLiveRoomForAnchor */ = {
			isa = PBXGroup;
			children = (
				ED9D7F782750757B0007A22A /* AIRBDToast.h */,
				ED9D7F7B275075CA0007A22A /* AIRBDEnvironments.h */,
				ED9D7F7C275075CA0007A22A /* AIRBDEnvironments.m */,
				ED9D7F792750757B0007A22A /* AIRBDToast.m */,
				ED9D7F75275075700007A22A /* UIColor+HexColor.h */,
				ED9D7F76275075700007A22A /* UIColor+HexColor.m */,
				ED9D7F6A275073D70007A22A /* AIRBDAbilityDemonstrationViewController.h */,
				ED9D7F68275073D70007A22A /* AIRBDAbilityDemonstrationViewController.m */,
				ED9D7F6C275073D70007A22A /* AIRBDLiveRoomViewController.h */,
				ED9D7F66275073D70007A22A /* AIRBDLiveRoomViewController.m */,
				ED9D7F6D275073D70007A22A /* AIRBDShareViewController.h */,
				ED9D7F67275073D70007A22A /* AIRBDShareViewController.m */,
				ED9D7F6B275073D70007A22A /* AIRBDShopWindowViewController.h */,
				ED9D7F69275073D70007A22A /* AIRBDShopWindowViewController.m */,
				7DF87041281BD3FF00C23929 /* AIRBDLinkMicCollectionViewCell.h */,
				7DF87042281BD3FF00C23929 /* AIRBDLinkMicCollectionViewCell.m */,
				7DF87040281BD3FF00C23929 /* AIRBDLinkMicCollectionViewHolder.h */,
				7DF87043281BD3FF00C23929 /* AIRBDLinkMicCollectionViewHolder.m */,
				ED9D7E5F274F84060007A22A /* AppDelegate.h */,
				ED9D7E60274F84060007A22A /* AppDelegate.m */,
				ED9D7E62274F84060007A22A /* SceneDelegate.h */,
				ED9D7E63274F84060007A22A /* SceneDelegate.m */,
				ED9D7E65274F84060007A22A /* ViewController.h */,
				ED9D7E66274F84060007A22A /* ViewController.m */,
				ED9D7E68274F84060007A22A /* Main.storyboard */,
				ED9D7E6B274F84090007A22A /* Assets.xcassets */,
				ED9D7E6D274F84090007A22A /* LaunchScreen.storyboard */,
				ED9D7E70274F840A0007A22A /* Info.plist */,
				ED9D7E71274F840A0007A22A /* main.m */,
			);
			path = StandardLiveRoomForAnchor;
			sourceTree = "<group>";
		};
		EDD116382653B66600B69881 = {
			isa = PBXGroup;
			children = (
				ED9D7E5E274F84060007A22A /* StandardLiveRoomForAnchor */,
				EDD116422653B66600B69881 /* Products */,
				EDD116862653B70F00B69881 /* Frameworks */,
				091FA4E63F179B015FFD799B /* Pods */,
			);
			sourceTree = "<group>";
		};
		EDD116422653B66600B69881 /* Products */ = {
			isa = PBXGroup;
			children = (
				ED9D7E5D274F84060007A22A /* StandardLiveRoomForAnchor.app */,
			);
			name = Products;
			sourceTree = "<group>";
		};
		EDD116862653B70F00B69881 /* Frameworks */ = {
			isa = PBXGroup;
			children = (
				EDCFB0BB268C8BAA00205E2D /* libresolv.tbd */,
				69367096B885C2CFDF20CD1F /* libPods-StandardLiveRoomForAnchor.a */,
			);
			name = Frameworks;
			sourceTree = "<group>";
		};
/* End PBXGroup section */

/* Begin PBXNativeTarget section */
		ED9D7E5C274F84060007A22A /* StandardLiveRoomForAnchor */ = {
			isa = PBXNativeTarget;
			buildConfigurationList = ED9D7E75274F840A0007A22A /* Build configuration list for PBXNativeTarget "StandardLiveRoomForAnchor" */;
			buildPhases = (
				C8F93DD8254EED82797596EE /* [CP] Check Pods Manifest.lock */,
				ED9D7E59274F84060007A22A /* Sources */,
				ED9D7E5A274F84060007A22A /* Frameworks */,
				ED9D7E5B274F84060007A22A /* Resources */,
				749C8272F106FA0A95FA4AAE /* [CP] Embed Pods Frameworks */,
				7376348C3A03C20050FA0D0E /* [CP] Copy Pods Resources */,
			);
			buildRules = (
			);
			dependencies = (
			);
			name = StandardLiveRoomForAnchor;
			productName = StandardLiveRoomForAnchor;
			productReference = ED9D7E5D274F84060007A22A /* StandardLiveRoomForAnchor.app */;
			productType = "com.apple.product-type.application";
		};
/* End PBXNativeTarget section */

/* Begin PBXProject section */
		EDD116392653B66600B69881 /* Project object */ = {
			isa = PBXProject;
			attributes = {
				LastUpgradeCheck = 1220;
				TargetAttributes = {
					ED9D7E5C274F84060007A22A = {
						CreatedOnToolsVersion = 12.5.1;
					};
				};
			};
			buildConfigurationList = EDD1163C2653B66600B69881 /* Build configuration list for PBXProject "AliInteractiveRoomDemo" */;
			compatibilityVersion = "Xcode 9.3";
			developmentRegion = en;
			hasScannedForEncodings = 0;
			knownRegions = (
				en,
				Base,
			);
			mainGroup = EDD116382653B66600B69881;
			productRefGroup = EDD116422653B66600B69881 /* Products */;
			projectDirPath = "";
			projectRoot = "";
			targets = (
				ED9D7E5C274F84060007A22A /* StandardLiveRoomForAnchor */,
			);
		};
/* End PBXProject section */

/* Begin PBXResourcesBuildPhase section */
		ED9D7E5B274F84060007A22A /* Resources */ = {
			isa = PBXResourcesBuildPhase;
			buildActionMask = 2147483647;
			files = (
				ED9D7E6F274F84090007A22A /* LaunchScreen.storyboard in Resources */,
				ED9D7E6C274F84090007A22A /* Assets.xcassets in Resources */,
				ED9D7E6A274F84060007A22A /* Main.storyboard in Resources */,
			);
			runOnlyForDeploymentPostprocessing = 0;
		};
/* End PBXResourcesBuildPhase section */

/* Begin PBXShellScriptBuildPhase section */
		7376348C3A03C20050FA0D0E /* [CP] Copy Pods Resources */ = {
			isa = PBXShellScriptBuildPhase;
			buildActionMask = 2147483647;
			files = (
			);
			inputFileListPaths = (
				"${PODS_ROOT}/Target Support Files/Pods-StandardLiveRoomForAnchor/Pods-StandardLiveRoomForAnchor-resources-${CONFIGURATION}-input-files.xcfilelist",
			);
			name = "[CP] Copy Pods Resources";
			outputFileListPaths = (
				"${PODS_ROOT}/Target Support Files/Pods-StandardLiveRoomForAnchor/Pods-StandardLiveRoomForAnchor-resources-${CONFIGURATION}-output-files.xcfilelist",
			);
			runOnlyForDeploymentPostprocessing = 0;
			shellPath = /bin/sh;
			shellScript = "\"${PODS_ROOT}/Target Support Files/Pods-StandardLiveRoomForAnchor/Pods-StandardLiveRoomForAnchor-resources.sh\"\n";
			showEnvVarsInLog = 0;
		};
		749C8272F106FA0A95FA4AAE /* [CP] Embed Pods Frameworks */ = {
			isa = PBXShellScriptBuildPhase;
			buildActionMask = 2147483647;
			files = (
			);
			inputFileListPaths = (
				"${PODS_ROOT}/Target Support Files/Pods-StandardLiveRoomForAnchor/Pods-StandardLiveRoomForAnchor-frameworks-${CONFIGURATION}-input-files.xcfilelist",
			);
			name = "[CP] Embed Pods Frameworks";
			outputFileListPaths = (
				"${PODS_ROOT}/Target Support Files/Pods-StandardLiveRoomForAnchor/Pods-StandardLiveRoomForAnchor-frameworks-${CONFIGURATION}-output-files.xcfilelist",
			);
			runOnlyForDeploymentPostprocessing = 0;
			shellPath = /bin/sh;
			shellScript = "\"${PODS_ROOT}/Target Support Files/Pods-StandardLiveRoomForAnchor/Pods-StandardLiveRoomForAnchor-frameworks.sh\"\n";
			showEnvVarsInLog = 0;
		};
		C8F93DD8254EED82797596EE /* [CP] Check Pods Manifest.lock */ = {
			isa = PBXShellScriptBuildPhase;
			buildActionMask = 2147483647;
			files = (
			);
			inputFileListPaths = (
			);
			inputPaths = (
				"${PODS_PODFILE_DIR_PATH}/Podfile.lock",
				"${PODS_ROOT}/Manifest.lock",
			);
			name = "[CP] Check Pods Manifest.lock";
			outputFileListPaths = (
			);
			outputPaths = (
				"$(DERIVED_FILE_DIR)/Pods-StandardLiveRoomForAnchor-checkManifestLockResult.txt",
			);
			runOnlyForDeploymentPostprocessing = 0;
			shellPath = /bin/sh;
			shellScript = "diff \"${PODS_PODFILE_DIR_PATH}/Podfile.lock\" \"${PODS_ROOT}/Manifest.lock\" > /dev/null\nif [ $? != 0 ] ; then\n    # print error to STDERR\n    echo \"error: The sandbox is not in sync with the Podfile.lock. Run 'pod install' or update your CocoaPods installation.\" >&2\n    exit 1\nfi\n# This output is used by Xcode 'outputs' to avoid re-running this script phase.\necho \"SUCCESS\" > \"${SCRIPT_OUTPUT_FILE_0}\"\n";
			showEnvVarsInLog = 0;
		};
/* End PBXShellScriptBuildPhase section */

/* Begin PBXSourcesBuildPhase section */
		ED9D7E59274F84060007A22A /* Sources */ = {
			isa = PBXSourcesBuildPhase;
			buildActionMask = 2147483647;
			files = (
				ED9D7E67274F84060007A22A /* ViewController.m in Sources */,
				ED9D7F70275073D70007A22A /* AIRBDAbilityDemonstrationViewController.m in Sources */,
				ED9D7F7A2750757B0007A22A /* AIRBDToast.m in Sources */,
				ED9D7F6F275073D70007A22A /* AIRBDShareViewController.m in Sources */,
				ED9D7F7D275075CB0007A22A /* AIRBDEnvironments.m in Sources */,
				ED9D7E61274F84060007A22A /* AppDelegate.m in Sources */,
				ED9D7E72274F840A0007A22A /* main.m in Sources */,
				ED9D7F77275075700007A22A /* UIColor+HexColor.m in Sources */,
				ED9D7F71275073D70007A22A /* AIRBDShopWindowViewController.m in Sources */,
				7DF87045281BD3FF00C23929 /* AIRBDLinkMicCollectionViewHolder.m in Sources */,
				ED9D7E64274F84060007A22A /* SceneDelegate.m in Sources */,
				7DF87044281BD3FF00C23929 /* AIRBDLinkMicCollectionViewCell.m in Sources */,
				ED9D7F6E275073D70007A22A /* AIRBDLiveRoomViewController.m in Sources */,
			);
			runOnlyForDeploymentPostprocessing = 0;
		};
/* End PBXSourcesBuildPhase section */

/* Begin PBXVariantGroup section */
		ED9D7E68274F84060007A22A /* Main.storyboard */ = {
			isa = PBXVariantGroup;
			children = (
				ED9D7E69274F84060007A22A /* Base */,
			);
			name = Main.storyboard;
			sourceTree = "<group>";
		};
		ED9D7E6D274F84090007A22A /* LaunchScreen.storyboard */ = {
			isa = PBXVariantGroup;
			children = (
				ED9D7E6E274F84090007A22A /* Base */,
			);
			name = LaunchScreen.storyboard;
			sourceTree = "<group>";
		};
/* End PBXVariantGroup section */

/* Begin XCBuildConfiguration section */
		ED9D7E73274F840A0007A22A /* Debug */ = {
			isa = XCBuildConfiguration;
			baseConfigurationReference = 6E1CC726C05F4DF4104D32A9 /* Pods-StandardLiveRoomForAnchor.debug.xcconfig */;
			buildSettings = {
				ASSETCATALOG_COMPILER_APPICON_NAME = AppIcon;
				ASSETCATALOG_COMPILER_GLOBAL_ACCENT_COLOR_NAME = AccentColor;
				CODE_SIGN_STYLE = Automatic;
				DEVELOPMENT_TEAM = 4JGNJS32Q8;
				ENABLE_BITCODE = NO;
				INFOPLIST_FILE = StandardLiveRoomForAnchor/Info.plist;
				IPHONEOS_DEPLOYMENT_TARGET = 13.0;
				LD_RUNPATH_SEARCH_PATHS = (
					"$(inherited)",
					"@executable_path/Frameworks",
				);
				PRODUCT_BUNDLE_IDENTIFIER = AliInteractiveRoomDemoess.liveAnchor;
				PRODUCT_NAME = "$(TARGET_NAME)";
				TARGETED_DEVICE_FAMILY = "1,2";
			};
			name = Debug;
		};
		ED9D7E74274F840A0007A22A /* Release */ = {
			isa = XCBuildConfiguration;
			baseConfigurationReference = 3831EDE44F400811FC5C3E8A /* Pods-StandardLiveRoomForAnchor.release.xcconfig */;
			buildSettings = {
				ASSETCATALOG_COMPILER_APPICON_NAME = AppIcon;
				ASSETCATALOG_COMPILER_GLOBAL_ACCENT_COLOR_NAME = AccentColor;
				CODE_SIGN_STYLE = Automatic;
				DEVELOPMENT_TEAM = 4JGNJS32Q8;
				ENABLE_BITCODE = NO;
				INFOPLIST_FILE = StandardLiveRoomForAnchor/Info.plist;
				IPHONEOS_DEPLOYMENT_TARGET = 13.0;
				LD_RUNPATH_SEARCH_PATHS = (
					"$(inherited)",
					"@executable_path/Frameworks",
				);
				PRODUCT_BUNDLE_IDENTIFIER = AliInteractiveRoomDemoess.liveAnchor;
				PRODUCT_NAME = "$(TARGET_NAME)";
				TARGETED_DEVICE_FAMILY = "1,2";
			};
			name = Release;
		};
		EDD1166E2653B66700B69881 /* Debug */ = {
			isa = XCBuildConfiguration;
			buildSettings = {
				ALWAYS_SEARCH_USER_PATHS = NO;
				CLANG_ANALYZER_NONNULL = YES;
				CLANG_ANALYZER_NUMBER_OBJECT_CONVERSION = YES_AGGRESSIVE;
				CLANG_CXX_LANGUAGE_STANDARD = "gnu++14";
				CLANG_CXX_LIBRARY = "libc++";
				CLANG_ENABLE_MODULES = YES;
				CLANG_ENABLE_OBJC_ARC = YES;
				CLANG_ENABLE_OBJC_WEAK = YES;
				CLANG_WARN_BLOCK_CAPTURE_AUTORELEASING = YES;
				CLANG_WARN_BOOL_CONVERSION = YES;
				CLANG_WARN_COMMA = YES;
				CLANG_WARN_CONSTANT_CONVERSION = YES;
				CLANG_WARN_DEPRECATED_OBJC_IMPLEMENTATIONS = YES;
				CLANG_WARN_DIRECT_OBJC_ISA_USAGE = YES_ERROR;
				CLANG_WARN_DOCUMENTATION_COMMENTS = YES;
				CLANG_WARN_EMPTY_BODY = YES;
				CLANG_WARN_ENUM_CONVERSION = YES;
				CLANG_WARN_INFINITE_RECURSION = YES;
				CLANG_WARN_INT_CONVERSION = YES;
				CLANG_WARN_NON_LITERAL_NULL_CONVERSION = YES;
				CLANG_WARN_OBJC_IMPLICIT_RETAIN_SELF = YES;
				CLANG_WARN_OBJC_LITERAL_CONVERSION = YES;
				CLANG_WARN_OBJC_ROOT_CLASS = YES_ERROR;
				CLANG_WARN_QUOTED_INCLUDE_IN_FRAMEWORK_HEADER = YES;
				CLANG_WARN_RANGE_LOOP_ANALYSIS = YES;
				CLANG_WARN_STRICT_PROTOTYPES = YES;
				CLANG_WARN_SUSPICIOUS_MOVE = YES;
				CLANG_WARN_UNGUARDED_AVAILABILITY = YES_AGGRESSIVE;
				CLANG_WARN_UNREACHABLE_CODE = YES;
				CLANG_WARN__DUPLICATE_METHOD_MATCH = YES;
				COPY_PHASE_STRIP = NO;
				DEBUG_INFORMATION_FORMAT = dwarf;
				ENABLE_STRICT_OBJC_MSGSEND = YES;
				ENABLE_TESTABILITY = YES;
				GCC_C_LANGUAGE_STANDARD = gnu11;
				GCC_DYNAMIC_NO_PIC = NO;
				GCC_NO_COMMON_BLOCKS = YES;
				GCC_OPTIMIZATION_LEVEL = 0;
				GCC_PREPROCESSOR_DEFINITIONS = (
					"DEBUG=1",
					"$(inherited)",
				);
				GCC_WARN_64_TO_32_BIT_CONVERSION = YES;
				GCC_WARN_ABOUT_RETURN_TYPE = YES_ERROR;
				GCC_WARN_UNDECLARED_SELECTOR = YES;
				GCC_WARN_UNINITIALIZED_AUTOS = YES_AGGRESSIVE;
				GCC_WARN_UNUSED_FUNCTION = YES;
				GCC_WARN_UNUSED_VARIABLE = YES;
				IPHONEOS_DEPLOYMENT_TARGET = 10.0;
				MTL_ENABLE_DEBUG_INFO = INCLUDE_SOURCE;
				MTL_FAST_MATH = YES;
				ONLY_ACTIVE_ARCH = YES;
				SDKROOT = iphoneos;
			};
			name = Debug;
		};
		EDD1166F2653B66700B69881 /* Release */ = {
			isa = XCBuildConfiguration;
			buildSettings = {
				ALWAYS_SEARCH_USER_PATHS = NO;
				CLANG_ANALYZER_NONNULL = YES;
				CLANG_ANALYZER_NUMBER_OBJECT_CONVERSION = YES_AGGRESSIVE;
				CLANG_CXX_LANGUAGE_STANDARD = "gnu++14";
				CLANG_CXX_LIBRARY = "libc++";
				CLANG_ENABLE_MODULES = YES;
				CLANG_ENABLE_OBJC_ARC = YES;
				CLANG_ENABLE_OBJC_WEAK = YES;
				CLANG_WARN_BLOCK_CAPTURE_AUTORELEASING = YES;
				CLANG_WARN_BOOL_CONVERSION = YES;
				CLANG_WARN_COMMA = YES;
				CLANG_WARN_CONSTANT_CONVERSION = YES;
				CLANG_WARN_DEPRECATED_OBJC_IMPLEMENTATIONS = YES;
				CLANG_WARN_DIRECT_OBJC_ISA_USAGE = YES_ERROR;
				CLANG_WARN_DOCUMENTATION_COMMENTS = YES;
				CLANG_WARN_EMPTY_BODY = YES;
				CLANG_WARN_ENUM_CONVERSION = YES;
				CLANG_WARN_INFINITE_RECURSION = YES;
				CLANG_WARN_INT_CONVERSION = YES;
				CLANG_WARN_NON_LITERAL_NULL_CONVERSION = YES;
				CLANG_WARN_OBJC_IMPLICIT_RETAIN_SELF = YES;
				CLANG_WARN_OBJC_LITERAL_CONVERSION = YES;
				CLANG_WARN_OBJC_ROOT_CLASS = YES_ERROR;
				CLANG_WARN_QUOTED_INCLUDE_IN_FRAMEWORK_HEADER = YES;
				CLANG_WARN_RANGE_LOOP_ANALYSIS = YES;
				CLANG_WARN_STRICT_PROTOTYPES = YES;
				CLANG_WARN_SUSPICIOUS_MOVE = YES;
				CLANG_WARN_UNGUARDED_AVAILABILITY = YES_AGGRESSIVE;
				CLANG_WARN_UNREACHABLE_CODE = YES;
				CLANG_WARN__DUPLICATE_METHOD_MATCH = YES;
				COPY_PHASE_STRIP = NO;
				DEBUG_INFORMATION_FORMAT = "dwarf-with-dsym";
				ENABLE_NS_ASSERTIONS = NO;
				ENABLE_STRICT_OBJC_MSGSEND = YES;
				GCC_C_LANGUAGE_STANDARD = gnu11;
				GCC_NO_COMMON_BLOCKS = YES;
				GCC_WARN_64_TO_32_BIT_CONVERSION = YES;
				GCC_WARN_ABOUT_RETURN_TYPE = YES_ERROR;
				GCC_WARN_UNDECLARED_SELECTOR = YES;
				GCC_WARN_UNINITIALIZED_AUTOS = YES_AGGRESSIVE;
				GCC_WARN_UNUSED_FUNCTION = YES;
				GCC_WARN_UNUSED_VARIABLE = YES;
				IPHONEOS_DEPLOYMENT_TARGET = 10.0;
				MTL_ENABLE_DEBUG_INFO = NO;
				MTL_FAST_MATH = YES;
				SDKROOT = iphoneos;
				VALIDATE_PRODUCT = YES;
			};
			name = Release;
		};
/* End XCBuildConfiguration section */

/* Begin XCConfigurationList section */
		ED9D7E75274F840A0007A22A /* Build configuration list for PBXNativeTarget "StandardLiveRoomForAnchor" */ = {
			isa = XCConfigurationList;
			buildConfigurations = (
				ED9D7E73274F840A0007A22A /* Debug */,
				ED9D7E74274F840A0007A22A /* Release */,
			);
			defaultConfigurationIsVisible = 0;
			defaultConfigurationName = Release;
		};
		EDD1163C2653B66600B69881 /* Build configuration list for PBXProject "AliInteractiveRoomDemo" */ = {
			isa = XCConfigurationList;
			buildConfigurations = (
				EDD1166E2653B66700B69881 /* Debug */,
				EDD1166F2653B66700B69881 /* Release */,
			);
			defaultConfigurationIsVisible = 0;
			defaultConfigurationName = Release;
		};
/* End XCConfigurationList section */
	};
	rootObject = EDD116392653B66600B69881 /* Project object */;
}
